
Microsoft Visual Studio Solution File, Format Version 12.00
# Visual Studio 15
VisualStudioVersion = 15.0.25920.0
MinimumVisualStudioVersion = 10.0.40219.1
Project("{FAE04EC0-301F-11D3-BF4B-00C04F79EFBC}") = "Sitecore.Foundation.SitecoreExtensions", "src\foundation\SitecoreExtensions\code\Sitecore.Foundation.SitecoreExtensions.csproj", "{B535703F-8D07-4F23-A533-2974BB4CC7B1}"
EndProject
Project("{2150E333-8FDC-42A3-9474-1A3956D46DE8}") = "Configuration", "Configuration", "{F347A85D-6FF5-4927-B5CF-54D81954E6A2}"
	ProjectSection(SolutionItems) = preProject
		.gitattributes = .gitattributes
		.gitignore = .gitignore
		gulp-config.js = gulp-config.js
		gulpfile.js = gulpfile.js
		LICENSE = LICENSE
		nuget.config = nuget.config
		package.json = package.json
		README.md = README.md
		WebEssentials2015-Settings.json = WebEssentials2015-Settings.json
	EndProjectSection
EndProject
Project("{2150E333-8FDC-42A3-9474-1A3956D46DE8}") = "Feature", "Feature", "{755F9E42-1707-4E1A-AE6D-3FD8A25118C0}"
EndProject
Project("{FAE04EC0-301F-11D3-BF4B-00C04F79EFBC}") = "Sitecore.Foundation.Assets", "src\foundation\Assets\code\Sitecore.Foundation.Assets.csproj", "{7E46FF93-EE05-412C-AC47-2A59A13DA73C}"
EndProject
Project("{2150E333-8FDC-42A3-9474-1A3956D46DE8}") = "Foundation", "Foundation", "{D2CBE02E-6AA7-4343-9A01-891F971A17F5}"
EndProject
Project("{FAE04EC0-301F-11D3-BF4B-00C04F79EFBC}") = "Sitecore.Feature.News", "src\feature\News\code\Sitecore.Feature.News.csproj", "{1AAD6F22-9B6D-4688-8EA5-1AE7044031F7}"
EndProject
Project("{FAE04EC0-301F-11D3-BF4B-00C04F79EFBC}") = "Sitecore.Feature.Metadata", "src\feature\Metadata\code\Sitecore.Feature.Metadata.csproj", "{2BBD157C-AD28-4055-A208-48A2DA93BD04}"
EndProject
Project("{FAE04EC0-301F-11D3-BF4B-00C04F79EFBC}") = "Sitecore.Feature.Navigation", "src\feature\Navigation\code\Sitecore.Feature.Navigation.csproj", "{16003E7F-0FAF-4DEE-B13D-DD327E965A98}"
EndProject
Project("{FAE04EC0-301F-11D3-BF4B-00C04F79EFBC}") = "Sitecore.Feature.Social", "src\feature\Social\code\Sitecore.Feature.Social.csproj", "{B018C183-6976-4766-B2C0-0CBA4C064AED}"
EndProject
Project("{FAE04EC0-301F-11D3-BF4B-00C04F79EFBC}") = "Sitecore.Feature.Identity", "src\feature\Identity\code\Sitecore.Feature.Identity.csproj", "{0D0B809C-03AB-4EE1-898F-CFE28CF5B245}"
EndProject
Project("{FAE04EC0-301F-11D3-BF4B-00C04F79EFBC}") = "Sitecore.Feature.Search", "src\feature\Search\code\Sitecore.Feature.Search.csproj", "{55B9C026-E106-4185-8213-9CDD53B44E1B}"
EndProject
Project("{FAE04EC0-301F-11D3-BF4B-00C04F79EFBC}") = "Sitecore.Feature.Language", "src\feature\Language\code\Sitecore.Feature.Language.csproj", "{ACA65632-EE93-422B-B25E-8E31969694F5}"
EndProject
Project("{FAE04EC0-301F-11D3-BF4B-00C04F79EFBC}") = "Sitecore.Feature.Media", "src\feature\Media\code\Sitecore.Feature.Media.csproj", "{1417B162-F987-4CBD-8642-CA4C4119E705}"
EndProject
Project("{2150E333-8FDC-42A3-9474-1A3956D46DE8}") = "Project", "Project", "{9A8FD752-FF60-4789-8251-E1D8FF290F3F}"
EndProject
Project("{FAE04EC0-301F-11D3-BF4B-00C04F79EFBC}") = "Sitecore.Habitat.Website", "src\Project\Habitat\code\Sitecore.Habitat.Website.csproj", "{86CADB26-5817-46B6-88C7-76D5753722C3}"
EndProject
Project("{FAE04EC0-301F-11D3-BF4B-00C04F79EFBC}") = "Sitecore.Foundation.Serialization", "src\foundation\Serialization\code\Sitecore.Foundation.Serialization.csproj", "{007CD5DC-0030-460D-91A3-3DDEA9AB472F}"
EndProject
Project("{FAE04EC0-301F-11D3-BF4B-00C04F79EFBC}") = "Sitecore.Feature.Accounts", "src\feature\Accounts\code\Sitecore.Feature.Accounts.csproj", "{3F61C57D-50D9-4194-8196-EF5F7AA4CCE5}"
EndProject
Project("{FAE04EC0-301F-11D3-BF4B-00C04F79EFBC}") = "Sitecore.Foundation.Indexing", "src\foundation\Indexing\code\Sitecore.Foundation.Indexing.csproj", "{80213F24-577F-4F0B-A3B8-62485EA4D2F3}"
EndProject
Project("{FAE04EC0-301F-11D3-BF4B-00C04F79EFBC}") = "Sitecore.Feature.Teasers", "src\feature\Teasers\code\Sitecore.Feature.Teasers.csproj", "{64C1C1EF-71CB-47BD-92F9-4E50CE35BD9F}"
EndProject
Project("{FAE04EC0-301F-11D3-BF4B-00C04F79EFBC}") = "Sitecore.Feature.PageContent", "src\feature\PageContent\code\Sitecore.Feature.PageContent.csproj", "{DA079E95-DB53-4A66-AB35-2DAB71D19276}"
EndProject
Project("{2150E333-8FDC-42A3-9474-1A3956D46DE8}") = "Accounts", "Accounts", "{C7886F90-3A67-4889-8ACC-F07D42CFDBF0}"
EndProject
Project("{2150E333-8FDC-42A3-9474-1A3956D46DE8}") = "Identity", "Identity", "{6F4B31B8-5677-448B-8A72-957E8AA47F52}"
EndProject
Project("{2150E333-8FDC-42A3-9474-1A3956D46DE8}") = "Language", "Language", "{3BB5C2EE-694B-49F4-989F-8484FD0A3F75}"
EndProject
Project("{2150E333-8FDC-42A3-9474-1A3956D46DE8}") = "Media", "Media", "{836F4115-EB6C-468A-AE65-6F123B0376E8}"
EndProject
Project("{2150E333-8FDC-42A3-9474-1A3956D46DE8}") = "Metadata", "Metadata", "{21824E62-1354-4760-A77F-08E55B9818A3}"
EndProject
Project("{2150E333-8FDC-42A3-9474-1A3956D46DE8}") = "Navigation", "Navigation", "{B9938A83-271F-4269-871B-A6DA15E476BD}"
EndProject
Project("{2150E333-8FDC-42A3-9474-1A3956D46DE8}") = "News", "News", "{049C2109-CF4F-4DD1-977D-92150C924E71}"
EndProject
Project("{2150E333-8FDC-42A3-9474-1A3956D46DE8}") = "PageContent", "PageContent", "{1EAC8CAC-9109-4A7A-9895-00248779A5D3}"
EndProject
Project("{2150E333-8FDC-42A3-9474-1A3956D46DE8}") = "Search", "Search", "{51628B90-7E96-4FAA-9556-D719548BE84D}"
EndProject
Project("{2150E333-8FDC-42A3-9474-1A3956D46DE8}") = "Social", "Social", "{F5F33FD2-3808-4C5C-9FAA-F1B07E339B66}"
EndProject
Project("{2150E333-8FDC-42A3-9474-1A3956D46DE8}") = "Teasers", "Teasers", "{8AE5D37C-D340-4D66-8BAE-48A7ED60BCE8}"
EndProject
Project("{2150E333-8FDC-42A3-9474-1A3956D46DE8}") = "Assets", "Assets", "{4CEA4907-CB04-49A7-869D-FE39C479DF58}"
EndProject
Project("{2150E333-8FDC-42A3-9474-1A3956D46DE8}") = "Indexing", "Indexing", "{641F22ED-9C6A-4ADA-A9E7-7CA6A67E39B1}"
EndProject
Project("{2150E333-8FDC-42A3-9474-1A3956D46DE8}") = "Serialization", "Serialization", "{BF8EAE6B-0DFD-45EC-A419-1EC760FE9E49}"
EndProject
Project("{2150E333-8FDC-42A3-9474-1A3956D46DE8}") = "SitecoreExtensions", "SitecoreExtensions", "{BE813EFD-133F-4BDE-AD25-A67D16A218CA}"
EndProject
Project("{FAE04EC0-301F-11D3-BF4B-00C04F79EFBC}") = "Sitecore.Feature.Demo", "src\feature\Demo\code\Sitecore.Feature.Demo.csproj", "{4DD516F2-D9E5-4775-B840-E00A71DD7E87}"
EndProject
Project("{2150E333-8FDC-42A3-9474-1A3956D46DE8}") = "Demo", "Demo", "{CA21CE04-607F-4AF6-8A70-3F1E82C42B11}"
EndProject
Project("{2150E333-8FDC-42A3-9474-1A3956D46DE8}") = "Habitat", "Habitat", "{E5ADCE9F-29A4-42D7-A316-2A1AD6E23E3E}"
EndProject
Project("{2150E333-8FDC-42A3-9474-1A3956D46DE8}") = "Person", "Person", "{18A4B060-7586-4321-806B-0325FAA01373}"
EndProject
Project("{2150E333-8FDC-42A3-9474-1A3956D46DE8}") = "Installer", "Installer", "{F82B7F7C-BDA9-4204-97E1-456E406A251A}"
EndProject
Project("{FAE04EC0-301F-11D3-BF4B-00C04F79EFBC}") = "Sitecore.Foundation.Installer", "src\foundation\Installer\code\Sitecore.Foundation.Installer.csproj", "{622EBD86-43A5-4857-965C-1724F714012A}"
EndProject
Project("{FAE04EC0-301F-11D3-BF4B-00C04F79EFBC}") = "Sitecore.Feature.Person", "src\Feature\Person\code\Sitecore.Feature.Person.csproj", "{452C63B5-6019-4EC2-9A9B-9B5DD3241485}"
EndProject
Project("{2150E333-8FDC-42A3-9474-1A3956D46DE8}") = "Theming", "Theming", "{F7F6C8C8-67C9-40D9-946F-62630C39102A}"
EndProject
Project("{FAE04EC0-301F-11D3-BF4B-00C04F79EFBC}") = "Sitecore.Foundation.Theming", "src\Foundation\Theming\code\Sitecore.Foundation.Theming.csproj", "{98DE0D1D-26F1-4CCA-847C-4E0FC2DBA5FC}"
EndProject
Project("{2150E333-8FDC-42A3-9474-1A3956D46DE8}") = "Common", "Common", "{5ABB37C0-E86D-4585-81D2-50A0E41ED859}"
EndProject
Project("{FAE04EC0-301F-11D3-BF4B-00C04F79EFBC}") = "Sitecore.Common.Website", "src\Project\Common\code\Sitecore.Common.Website.csproj", "{C98EAD78-4D83-4789-A621-6011C3D7314D}"
EndProject
Project("{2150E333-8FDC-42A3-9474-1A3956D46DE8}") = "Multisite", "Multisite", "{AC21E230-C263-4FE0-8614-D6783D1FFC86}"
EndProject
Project("{FAE04EC0-301F-11D3-BF4B-00C04F79EFBC}") = "Sitecore.Feature.Multisite", "src\Feature\Multisite\code\Sitecore.Feature.Multisite.csproj", "{64CB17EE-49BF-44A6-98F0-4F72EE89073B}"
EndProject
Project("{2150E333-8FDC-42A3-9474-1A3956D46DE8}") = "Multisite", "Multisite", "{FE63FBCC-D03E-4439-A428-028A6FF8B15A}"
EndProject
Project("{FAE04EC0-301F-11D3-BF4B-00C04F79EFBC}") = "Sitecore.Foundation.Multisite", "src\Foundation\Multisite\code\Sitecore.Foundation.Multisite.csproj", "{CFA2AE87-7F8D-4CA6-BB72-B16380190DB7}"
EndProject
Project("{FAE04EC0-301F-11D3-BF4B-00C04F79EFBC}") = "Sitecore.Feature.Maps", "src\Feature\Maps\code\Sitecore.Feature.Maps.csproj", "{19CE4259-BD16-4239-AC7C-22220FB26575}"
EndProject
Project("{2150E333-8FDC-42A3-9474-1A3956D46DE8}") = "Maps", "Maps", "{96063E26-CEF1-4763-90EF-81271231DB9F}"
EndProject
Project("{2150E333-8FDC-42A3-9474-1A3956D46DE8}") = "FAQ", "FAQ", "{79E7F046-6A3D-4508-B7B5-02A864A49C23}"
EndProject
Project("{FAE04EC0-301F-11D3-BF4B-00C04F79EFBC}") = "Sitecore.Feature.FAQ", "src\Feature\faq\code\Sitecore.Feature.FAQ.csproj", "{C2E10220-2850-484F-8FCA-DCDD1C6E3B53}"
EndProject
Project("{2150E333-8FDC-42A3-9474-1A3956D46DE8}") = "Alerts", "Alerts", "{DF1E54EE-B5F2-4911-B239-9708BF21F271}"
EndProject
Project("{FAE04EC0-301F-11D3-BF4B-00C04F79EFBC}") = "Sitecore.Foundation.Alerts", "src\Foundation\Alerts\code\Sitecore.Foundation.Alerts.csproj", "{5CF5FA06-AB27-4DF5-A471-ED57EF3E4AE9}"
EndProject
Project("{2150E333-8FDC-42A3-9474-1A3956D46DE8}") = "LocalDatasource", "LocalDatasource", "{65673857-6BDF-408E-ACD8-417A0BCCAB7A}"
EndProject
Project("{FAE04EC0-301F-11D3-BF4B-00C04F79EFBC}") = "Sitecore.Foundation.LocalDatasource", "src\Foundation\LocalDatasource\code\Sitecore.Foundation.LocalDatasource.csproj", "{323CA7A6-6ABB-4652-ABE2-75DAB139CBC0}"
EndProject
Project("{2150E333-8FDC-42A3-9474-1A3956D46DE8}") = "Forms", "Forms", "{63F04251-177B-49CB-B1CF-206B56CCF889}"
EndProject
Project("{FAE04EC0-301F-11D3-BF4B-00C04F79EFBC}") = "Sitecore.Foundation.Forms", "src\Foundation\Forms\code\Sitecore.Foundation.Forms.csproj", "{A7B7EC6A-5804-4352-9655-06EB07F033FA}"
EndProject
Project("{FAE04EC0-301F-11D3-BF4B-00C04F79EFBC}") = "Valtech.Foundation.CommerceConnect", "src\Foundation\CommerceConnect\code\Valtech.Foundation.CommerceConnect.csproj", "{3BCCBB9C-EEE6-4201-BEB5-AEB064713B6E}"
EndProject
Project("{2150E333-8FDC-42A3-9474-1A3956D46DE8}") = "Accounts", "Accounts", "{E0B40F60-22F9-4BF1-9611-0FFAB7A0728F}"
EndProject
Project("{FAE04EC0-301F-11D3-BF4B-00C04F79EFBC}") = "Sitecore.Foundation.Accounts", "src\Foundation\Accounts\code\Sitecore.Foundation.Accounts.csproj", "{CE34A3B7-B91A-41BA-8B16-C1E131E1C621}"
EndProject
Project("{2150E333-8FDC-42A3-9474-1A3956D46DE8}") = "Dictionary", "Dictionary", "{66E8BB68-FF26-4FEE-A336-3F8284F2F3E2}"
EndProject
Project("{FAE04EC0-301F-11D3-BF4B-00C04F79EFBC}") = "Sitecore.Foundation.Dictionary", "src\Foundation\Dictionary\code\Sitecore.Foundation.Dictionary.csproj", "{0D6BA4D8-C469-4AE9-9EBB-93BDF7D7E78F}"
EndProject
Project("{2150E333-8FDC-42A3-9474-1A3956D46DE8}") = "FieldEditor", "FieldEditor", "{6B260718-681F-41DB-AAFE-13BA15BB6711}"
EndProject
Project("{FAE04EC0-301F-11D3-BF4B-00C04F79EFBC}") = "Sitecore.Foundation.FieldEditor", "src\Foundation\FieldEditor\code\Sitecore.Foundation.FieldEditor.csproj", "{812C16C9-1E8A-42DC-A1C0-6896D570F63A}"
EndProject
Project("{2150E333-8FDC-42A3-9474-1A3956D46DE8}") = "GlassMapper", "GlassMapper", "{FCB14A0E-66AD-4205-94D7-1C298C1D0FF5}"
EndProject
Project("{FAE04EC0-301F-11D3-BF4B-00C04F79EFBC}") = "Sitecore.Foundation.GlassMapper", "src\Foundation\GlassMapper\code\Sitecore.Foundation.GlassMapper.csproj", "{4F03183D-F4C9-47AD-9E1A-11DFB4A41375}"
EndProject
Project("{2150E333-8FDC-42A3-9474-1A3956D46DE8}") = "BoC", "BoC", "{7D4A70CC-1E4D-4AF9-8B37-ADCAAA9B69C0}"
EndProject
Project("{FAE04EC0-301F-11D3-BF4B-00C04F79EFBC}") = "Sitecore.Foundation.BoC", "src\Foundation\BoC\code\Sitecore.Foundation.BoC.csproj", "{6BD2E8B6-312A-4CE0-A432-0EB89889AE9A}"
EndProject
Project("{2150E333-8FDC-42A3-9474-1A3956D46DE8}") = "CodefirstRenderings", "CodefirstRenderings", "{05DE7274-2461-4266-9A5A-02E57864F381}"
EndProject
Project("{FAE04EC0-301F-11D3-BF4B-00C04F79EFBC}") = "Sitecore.Foundation.CodeFirstRenderings", "src\Foundation\CodeFirstRenderings\code\Sitecore.Foundation.CodeFirstRenderings.csproj", "{722CD2D2-5218-417D-9F81-6055A17CC163}"
EndProject
Project("{2150E333-8FDC-42A3-9474-1A3956D46DE8}") = "CommerceAbstractions", "CommerceAbstractions", "{C336CF3C-0062-4547-B908-3F526C4006EE}"
EndProject
Project("{FAE04EC0-301F-11D3-BF4B-00C04F79EFBC}") = "Valtech.Foundation.CommerceAbstractions", "src\Foundation\CommerceAbstractions\code\Valtech.Foundation.CommerceAbstractions.csproj", "{F3C7675F-846C-4C05-8720-594100B4B75E}"
EndProject
Project("{2150E333-8FDC-42A3-9474-1A3956D46DE8}") = "Media", "Media", "{4AF32745-1A63-455B-96E0-6CDEEA204CD4}"
EndProject
Project("{FAE04EC0-301F-11D3-BF4B-00C04F79EFBC}") = "Sitecore.Foundation.Media", "src\Foundation\Media\code\Sitecore.Foundation.Media.csproj", "{317EA34A-9783-4240-81B1-BD0862E8A954}"
EndProject
Project("{2150E333-8FDC-42A3-9474-1A3956D46DE8}") = "CommerceConnect", "CommerceConnect", "{A6A07A5E-DCD8-4DA7-9ABD-5F2F766136DF}"
EndProject
Project("{2150E333-8FDC-42A3-9474-1A3956D46DE8}") = "Cart", "Cart", "{869F44FF-783C-4912-AB35-D6AB2735C734}"
EndProject
Project("{FAE04EC0-301F-11D3-BF4B-00C04F79EFBC}") = "Sitecore.Feature.Cart", "src\Feature\Cart\code\Sitecore.Feature.Cart.csproj", "{3F96AB23-C252-465B-83B7-DA1CAB3BC9E2}"
EndProject
Project("{2150E333-8FDC-42A3-9474-1A3956D46DE8}") = "Publishing", "Publishing", "{278A5871-80B7-44E7-9E27-2CF5447A213C}"
EndProject
Project("{FAE04EC0-301F-11D3-BF4B-00C04F79EFBC}") = "Valtech.Foundation.Publishing", "src\Foundation\Publishing\code\Valtech.Foundation.Publishing.csproj", "{78EAD2B0-5469-403F-AD58-7C50EC151986}"
EndProject
Project("{2150E333-8FDC-42A3-9474-1A3956D46DE8}") = "GeoIp", "GeoIp", "{EBD16C86-B5E8-4F51-A463-6F71BCD87077}"
EndProject
Project("{FAE04EC0-301F-11D3-BF4B-00C04F79EFBC}") = "Sitecore.Foundation.FreeGeoIp", "src\Foundation\GeoIp\code\Sitecore.Foundation.FreeGeoIp.csproj", "{765FD5E8-FEFB-4AD1-B387-B96446A295E6}"
EndProject
Project("{2150E333-8FDC-42A3-9474-1A3956D46DE8}") = "Redirects", "Redirects", "{A0B6B3A9-070F-45CA-BFCB-EA42D56189FF}"
EndProject
Project("{FAE04EC0-301F-11D3-BF4B-00C04F79EFBC}") = "Sitecore.Foundation.Redirects", "src\Foundation\Redirects\code\Sitecore.Foundation.Redirects.csproj", "{4A8AC2A2-796D-4B3F-8762-27A659E83779}"
EndProject
Project("{2150E333-8FDC-42A3-9474-1A3956D46DE8}") = "_projectstarter", "_projectstarter", "{8FD82E31-CCF0-4CCC-9F7F-39CD653B7360}"
EndProject
Project("{FAE04EC0-301F-11D3-BF4B-00C04F79EFBC}") = "SitecoreRunner", "build\website\SitecoreRunner.csproj", "{A1E53A8E-E801-44BE-BDA9-2511B3410899}"
	ProjectSection(ProjectDependencies) = postProject
		{5CF5FA06-AB27-4DF5-A471-ED57EF3E4AE9} = {5CF5FA06-AB27-4DF5-A471-ED57EF3E4AE9}
		{98DE0D1D-26F1-4CCA-847C-4E0FC2DBA5FC} = {98DE0D1D-26F1-4CCA-847C-4E0FC2DBA5FC}
		{C2E10220-2850-484F-8FCA-DCDD1C6E3B53} = {C2E10220-2850-484F-8FCA-DCDD1C6E3B53}
		{1AAD6F22-9B6D-4688-8EA5-1AE7044031F7} = {1AAD6F22-9B6D-4688-8EA5-1AE7044031F7}
		{3F96AB23-C252-465B-83B7-DA1CAB3BC9E2} = {3F96AB23-C252-465B-83B7-DA1CAB3BC9E2}
		{80213F24-577F-4F0B-A3B8-62485EA4D2F3} = {80213F24-577F-4F0B-A3B8-62485EA4D2F3}
		{55B9C026-E106-4185-8213-9CDD53B44E1B} = {55B9C026-E106-4185-8213-9CDD53B44E1B}
		{86CADB26-5817-46B6-88C7-76D5753722C3} = {86CADB26-5817-46B6-88C7-76D5753722C3}
		{ACA65632-EE93-422B-B25E-8E31969694F5} = {ACA65632-EE93-422B-B25E-8E31969694F5}
		{4F03183D-F4C9-47AD-9E1A-11DFB4A41375} = {4F03183D-F4C9-47AD-9E1A-11DFB4A41375}
		{B535703F-8D07-4F23-A533-2974BB4CC7B1} = {B535703F-8D07-4F23-A533-2974BB4CC7B1}
		{317EA34A-9783-4240-81B1-BD0862E8A954} = {317EA34A-9783-4240-81B1-BD0862E8A954}
		{19CE4259-BD16-4239-AC7C-22220FB26575} = {19CE4259-BD16-4239-AC7C-22220FB26575}
		{F3C7675F-846C-4C05-8720-594100B4B75E} = {F3C7675F-846C-4C05-8720-594100B4B75E}
		{1417B162-F987-4CBD-8642-CA4C4119E705} = {1417B162-F987-4CBD-8642-CA4C4119E705}
		{A7B7EC6A-5804-4352-9655-06EB07F033FA} = {A7B7EC6A-5804-4352-9655-06EB07F033FA}
		{C98EAD78-4D83-4789-A621-6011C3D7314D} = {C98EAD78-4D83-4789-A621-6011C3D7314D}
		{2BBD157C-AD28-4055-A208-48A2DA93BD04} = {2BBD157C-AD28-4055-A208-48A2DA93BD04}
		{3F61C57D-50D9-4194-8196-EF5F7AA4CCE5} = {3F61C57D-50D9-4194-8196-EF5F7AA4CCE5}
		{16003E7F-0FAF-4DEE-B13D-DD327E965A98} = {16003E7F-0FAF-4DEE-B13D-DD327E965A98}
		{B018C183-6976-4766-B2C0-0CBA4C064AED} = {B018C183-6976-4766-B2C0-0CBA4C064AED}
		{622EBD86-43A5-4857-965C-1724F714012A} = {622EBD86-43A5-4857-965C-1724F714012A}
		{CFA2AE87-7F8D-4CA6-BB72-B16380190DB7} = {CFA2AE87-7F8D-4CA6-BB72-B16380190DB7}
		{7E46FF93-EE05-412C-AC47-2A59A13DA73C} = {7E46FF93-EE05-412C-AC47-2A59A13DA73C}
		{DA079E95-DB53-4A66-AB35-2DAB71D19276} = {DA079E95-DB53-4A66-AB35-2DAB71D19276}
		{0D0B809C-03AB-4EE1-898F-CFE28CF5B245} = {0D0B809C-03AB-4EE1-898F-CFE28CF5B245}
		{3BCCBB9C-EEE6-4201-BEB5-AEB064713B6E} = {3BCCBB9C-EEE6-4201-BEB5-AEB064713B6E}
		{4A8AC2A2-796D-4B3F-8762-27A659E83779} = {4A8AC2A2-796D-4B3F-8762-27A659E83779}
		{323CA7A6-6ABB-4652-ABE2-75DAB139CBC0} = {323CA7A6-6ABB-4652-ABE2-75DAB139CBC0}
		{78EAD2B0-5469-403F-AD58-7C50EC151986} = {78EAD2B0-5469-403F-AD58-7C50EC151986}
		{452C63B5-6019-4EC2-9A9B-9B5DD3241485} = {452C63B5-6019-4EC2-9A9B-9B5DD3241485}
		{6BD2E8B6-312A-4CE0-A432-0EB89889AE9A} = {6BD2E8B6-312A-4CE0-A432-0EB89889AE9A}
		{CE34A3B7-B91A-41BA-8B16-C1E131E1C621} = {CE34A3B7-B91A-41BA-8B16-C1E131E1C621}
		{812C16C9-1E8A-42DC-A1C0-6896D570F63A} = {812C16C9-1E8A-42DC-A1C0-6896D570F63A}
		{722CD2D2-5218-417D-9F81-6055A17CC163} = {722CD2D2-5218-417D-9F81-6055A17CC163}
		{0D6BA4D8-C469-4AE9-9EBB-93BDF7D7E78F} = {0D6BA4D8-C469-4AE9-9EBB-93BDF7D7E78F}
		{765FD5E8-FEFB-4AD1-B387-B96446A295E6} = {765FD5E8-FEFB-4AD1-B387-B96446A295E6}
		{64CB17EE-49BF-44A6-98F0-4F72EE89073B} = {64CB17EE-49BF-44A6-98F0-4F72EE89073B}
		{64C1C1EF-71CB-47BD-92F9-4E50CE35BD9F} = {64C1C1EF-71CB-47BD-92F9-4E50CE35BD9F}
		{4DD516F2-D9E5-4775-B840-E00A71DD7E87} = {4DD516F2-D9E5-4775-B840-E00A71DD7E87}
	EndProjectSection
EndProject
Global
	GlobalSection(SolutionConfigurationPlatforms) = preSolution
		AutomatedDebug|Any CPU = AutomatedDebug|Any CPU
		AutomatedDebug|x64 = AutomatedDebug|x64
		AutomatedDebug|x86 = AutomatedDebug|x86
		Debug|Any CPU = Debug|Any CPU
		Debug|x64 = Debug|x64
		Debug|x86 = Debug|x86
		NoTDS|Any CPU = NoTDS|Any CPU
		NoTDS|x64 = NoTDS|x64
		NoTDS|x86 = NoTDS|x86
		Release|Any CPU = Release|Any CPU
		Release|x64 = Release|x64
		Release|x86 = Release|x86
	EndGlobalSection
	GlobalSection(ProjectConfigurationPlatforms) = postSolution
		{B535703F-8D07-4F23-A533-2974BB4CC7B1}.AutomatedDebug|Any CPU.ActiveCfg = Debug|Any CPU
		{B535703F-8D07-4F23-A533-2974BB4CC7B1}.AutomatedDebug|x64.ActiveCfg = Debug|Any CPU
		{B535703F-8D07-4F23-A533-2974BB4CC7B1}.AutomatedDebug|x86.ActiveCfg = Debug|Any CPU
		{B535703F-8D07-4F23-A533-2974BB4CC7B1}.Debug|Any CPU.ActiveCfg = Debug|Any CPU
		{B535703F-8D07-4F23-A533-2974BB4CC7B1}.Debug|Any CPU.Build.0 = Debug|Any CPU
		{B535703F-8D07-4F23-A533-2974BB4CC7B1}.Debug|x64.ActiveCfg = Debug|Any CPU
		{B535703F-8D07-4F23-A533-2974BB4CC7B1}.Debug|x64.Build.0 = Debug|Any CPU
		{B535703F-8D07-4F23-A533-2974BB4CC7B1}.Debug|x86.ActiveCfg = Debug|Any CPU
		{B535703F-8D07-4F23-A533-2974BB4CC7B1}.NoTDS|Any CPU.ActiveCfg = Release|Any CPU
		{B535703F-8D07-4F23-A533-2974BB4CC7B1}.NoTDS|Any CPU.Build.0 = Release|Any CPU
		{B535703F-8D07-4F23-A533-2974BB4CC7B1}.NoTDS|x64.ActiveCfg = Release|Any CPU
		{B535703F-8D07-4F23-A533-2974BB4CC7B1}.NoTDS|x64.Build.0 = Release|Any CPU
		{B535703F-8D07-4F23-A533-2974BB4CC7B1}.NoTDS|x86.ActiveCfg = Release|Any CPU
		{B535703F-8D07-4F23-A533-2974BB4CC7B1}.Release|Any CPU.ActiveCfg = Release|Any CPU
		{B535703F-8D07-4F23-A533-2974BB4CC7B1}.Release|Any CPU.Build.0 = Release|Any CPU
		{B535703F-8D07-4F23-A533-2974BB4CC7B1}.Release|x64.ActiveCfg = Release|Any CPU
		{B535703F-8D07-4F23-A533-2974BB4CC7B1}.Release|x64.Build.0 = Release|Any CPU
		{B535703F-8D07-4F23-A533-2974BB4CC7B1}.Release|x86.ActiveCfg = Release|Any CPU
		{7E46FF93-EE05-412C-AC47-2A59A13DA73C}.AutomatedDebug|Any CPU.ActiveCfg = Debug|Any CPU
		{7E46FF93-EE05-412C-AC47-2A59A13DA73C}.AutomatedDebug|x64.ActiveCfg = Debug|Any CPU
		{7E46FF93-EE05-412C-AC47-2A59A13DA73C}.AutomatedDebug|x86.ActiveCfg = Debug|Any CPU
		{7E46FF93-EE05-412C-AC47-2A59A13DA73C}.Debug|Any CPU.ActiveCfg = Debug|Any CPU
		{7E46FF93-EE05-412C-AC47-2A59A13DA73C}.Debug|Any CPU.Build.0 = Debug|Any CPU
		{7E46FF93-EE05-412C-AC47-2A59A13DA73C}.Debug|x64.ActiveCfg = Debug|Any CPU
		{7E46FF93-EE05-412C-AC47-2A59A13DA73C}.Debug|x64.Build.0 = Debug|Any CPU
		{7E46FF93-EE05-412C-AC47-2A59A13DA73C}.Debug|x86.ActiveCfg = Debug|Any CPU
		{7E46FF93-EE05-412C-AC47-2A59A13DA73C}.NoTDS|Any CPU.ActiveCfg = Release|Any CPU
		{7E46FF93-EE05-412C-AC47-2A59A13DA73C}.NoTDS|Any CPU.Build.0 = Release|Any CPU
		{7E46FF93-EE05-412C-AC47-2A59A13DA73C}.NoTDS|x64.ActiveCfg = Release|Any CPU
		{7E46FF93-EE05-412C-AC47-2A59A13DA73C}.NoTDS|x64.Build.0 = Release|Any CPU
		{7E46FF93-EE05-412C-AC47-2A59A13DA73C}.NoTDS|x86.ActiveCfg = Release|Any CPU
		{7E46FF93-EE05-412C-AC47-2A59A13DA73C}.Release|Any CPU.ActiveCfg = Release|Any CPU
		{7E46FF93-EE05-412C-AC47-2A59A13DA73C}.Release|Any CPU.Build.0 = Release|Any CPU
		{7E46FF93-EE05-412C-AC47-2A59A13DA73C}.Release|x64.ActiveCfg = Release|Any CPU
		{7E46FF93-EE05-412C-AC47-2A59A13DA73C}.Release|x64.Build.0 = Release|Any CPU
		{7E46FF93-EE05-412C-AC47-2A59A13DA73C}.Release|x86.ActiveCfg = Release|Any CPU
		{1AAD6F22-9B6D-4688-8EA5-1AE7044031F7}.AutomatedDebug|Any CPU.ActiveCfg = Debug|Any CPU
		{1AAD6F22-9B6D-4688-8EA5-1AE7044031F7}.AutomatedDebug|x64.ActiveCfg = Debug|Any CPU
		{1AAD6F22-9B6D-4688-8EA5-1AE7044031F7}.AutomatedDebug|x86.ActiveCfg = Debug|Any CPU
		{1AAD6F22-9B6D-4688-8EA5-1AE7044031F7}.Debug|Any CPU.ActiveCfg = Debug|Any CPU
		{1AAD6F22-9B6D-4688-8EA5-1AE7044031F7}.Debug|Any CPU.Build.0 = Debug|Any CPU
		{1AAD6F22-9B6D-4688-8EA5-1AE7044031F7}.Debug|x64.ActiveCfg = Debug|Any CPU
		{1AAD6F22-9B6D-4688-8EA5-1AE7044031F7}.Debug|x64.Build.0 = Debug|Any CPU
		{1AAD6F22-9B6D-4688-8EA5-1AE7044031F7}.Debug|x86.ActiveCfg = Debug|Any CPU
		{1AAD6F22-9B6D-4688-8EA5-1AE7044031F7}.NoTDS|Any CPU.ActiveCfg = Release|Any CPU
		{1AAD6F22-9B6D-4688-8EA5-1AE7044031F7}.NoTDS|Any CPU.Build.0 = Release|Any CPU
		{1AAD6F22-9B6D-4688-8EA5-1AE7044031F7}.NoTDS|x64.ActiveCfg = Release|Any CPU
		{1AAD6F22-9B6D-4688-8EA5-1AE7044031F7}.NoTDS|x64.Build.0 = Release|Any CPU
		{1AAD6F22-9B6D-4688-8EA5-1AE7044031F7}.NoTDS|x86.ActiveCfg = Release|Any CPU
		{1AAD6F22-9B6D-4688-8EA5-1AE7044031F7}.Release|Any CPU.ActiveCfg = Release|Any CPU
		{1AAD6F22-9B6D-4688-8EA5-1AE7044031F7}.Release|Any CPU.Build.0 = Release|Any CPU
		{1AAD6F22-9B6D-4688-8EA5-1AE7044031F7}.Release|x64.ActiveCfg = Release|Any CPU
		{1AAD6F22-9B6D-4688-8EA5-1AE7044031F7}.Release|x64.Build.0 = Release|Any CPU
		{1AAD6F22-9B6D-4688-8EA5-1AE7044031F7}.Release|x86.ActiveCfg = Release|Any CPU
		{2BBD157C-AD28-4055-A208-48A2DA93BD04}.AutomatedDebug|Any CPU.ActiveCfg = Debug|Any CPU
		{2BBD157C-AD28-4055-A208-48A2DA93BD04}.AutomatedDebug|x64.ActiveCfg = Debug|Any CPU
		{2BBD157C-AD28-4055-A208-48A2DA93BD04}.AutomatedDebug|x86.ActiveCfg = Debug|Any CPU
		{2BBD157C-AD28-4055-A208-48A2DA93BD04}.Debug|Any CPU.ActiveCfg = Debug|Any CPU
		{2BBD157C-AD28-4055-A208-48A2DA93BD04}.Debug|Any CPU.Build.0 = Debug|Any CPU
		{2BBD157C-AD28-4055-A208-48A2DA93BD04}.Debug|x64.ActiveCfg = Debug|Any CPU
		{2BBD157C-AD28-4055-A208-48A2DA93BD04}.Debug|x64.Build.0 = Debug|Any CPU
		{2BBD157C-AD28-4055-A208-48A2DA93BD04}.Debug|x86.ActiveCfg = Debug|Any CPU
		{2BBD157C-AD28-4055-A208-48A2DA93BD04}.NoTDS|Any CPU.ActiveCfg = Release|Any CPU
		{2BBD157C-AD28-4055-A208-48A2DA93BD04}.NoTDS|Any CPU.Build.0 = Release|Any CPU
		{2BBD157C-AD28-4055-A208-48A2DA93BD04}.NoTDS|x64.ActiveCfg = Release|Any CPU
		{2BBD157C-AD28-4055-A208-48A2DA93BD04}.NoTDS|x64.Build.0 = Release|Any CPU
		{2BBD157C-AD28-4055-A208-48A2DA93BD04}.NoTDS|x86.ActiveCfg = Release|Any CPU
		{2BBD157C-AD28-4055-A208-48A2DA93BD04}.Release|Any CPU.ActiveCfg = Release|Any CPU
		{2BBD157C-AD28-4055-A208-48A2DA93BD04}.Release|Any CPU.Build.0 = Release|Any CPU
		{2BBD157C-AD28-4055-A208-48A2DA93BD04}.Release|x64.ActiveCfg = Release|Any CPU
		{2BBD157C-AD28-4055-A208-48A2DA93BD04}.Release|x64.Build.0 = Release|Any CPU
		{2BBD157C-AD28-4055-A208-48A2DA93BD04}.Release|x86.ActiveCfg = Release|Any CPU
		{16003E7F-0FAF-4DEE-B13D-DD327E965A98}.AutomatedDebug|Any CPU.ActiveCfg = Debug|Any CPU
		{16003E7F-0FAF-4DEE-B13D-DD327E965A98}.AutomatedDebug|x64.ActiveCfg = Debug|Any CPU
		{16003E7F-0FAF-4DEE-B13D-DD327E965A98}.AutomatedDebug|x86.ActiveCfg = Debug|Any CPU
		{16003E7F-0FAF-4DEE-B13D-DD327E965A98}.Debug|Any CPU.ActiveCfg = Debug|Any CPU
		{16003E7F-0FAF-4DEE-B13D-DD327E965A98}.Debug|Any CPU.Build.0 = Debug|Any CPU
		{16003E7F-0FAF-4DEE-B13D-DD327E965A98}.Debug|x64.ActiveCfg = Debug|Any CPU
		{16003E7F-0FAF-4DEE-B13D-DD327E965A98}.Debug|x64.Build.0 = Debug|Any CPU
		{16003E7F-0FAF-4DEE-B13D-DD327E965A98}.Debug|x86.ActiveCfg = Debug|Any CPU
		{16003E7F-0FAF-4DEE-B13D-DD327E965A98}.NoTDS|Any CPU.ActiveCfg = Release|Any CPU
		{16003E7F-0FAF-4DEE-B13D-DD327E965A98}.NoTDS|Any CPU.Build.0 = Release|Any CPU
		{16003E7F-0FAF-4DEE-B13D-DD327E965A98}.NoTDS|x64.ActiveCfg = Release|Any CPU
		{16003E7F-0FAF-4DEE-B13D-DD327E965A98}.NoTDS|x64.Build.0 = Release|Any CPU
		{16003E7F-0FAF-4DEE-B13D-DD327E965A98}.NoTDS|x86.ActiveCfg = Release|Any CPU
		{16003E7F-0FAF-4DEE-B13D-DD327E965A98}.Release|Any CPU.ActiveCfg = Release|Any CPU
		{16003E7F-0FAF-4DEE-B13D-DD327E965A98}.Release|Any CPU.Build.0 = Release|Any CPU
		{16003E7F-0FAF-4DEE-B13D-DD327E965A98}.Release|x64.ActiveCfg = Release|Any CPU
		{16003E7F-0FAF-4DEE-B13D-DD327E965A98}.Release|x64.Build.0 = Release|Any CPU
		{16003E7F-0FAF-4DEE-B13D-DD327E965A98}.Release|x86.ActiveCfg = Release|Any CPU
		{B018C183-6976-4766-B2C0-0CBA4C064AED}.AutomatedDebug|Any CPU.ActiveCfg = Debug|Any CPU
		{B018C183-6976-4766-B2C0-0CBA4C064AED}.AutomatedDebug|x64.ActiveCfg = Debug|Any CPU
		{B018C183-6976-4766-B2C0-0CBA4C064AED}.AutomatedDebug|x86.ActiveCfg = Debug|Any CPU
		{B018C183-6976-4766-B2C0-0CBA4C064AED}.Debug|Any CPU.ActiveCfg = Debug|Any CPU
		{B018C183-6976-4766-B2C0-0CBA4C064AED}.Debug|Any CPU.Build.0 = Debug|Any CPU
		{B018C183-6976-4766-B2C0-0CBA4C064AED}.Debug|x64.ActiveCfg = Debug|Any CPU
		{B018C183-6976-4766-B2C0-0CBA4C064AED}.Debug|x64.Build.0 = Debug|Any CPU
		{B018C183-6976-4766-B2C0-0CBA4C064AED}.Debug|x86.ActiveCfg = Debug|Any CPU
		{B018C183-6976-4766-B2C0-0CBA4C064AED}.NoTDS|Any CPU.ActiveCfg = Release|Any CPU
		{B018C183-6976-4766-B2C0-0CBA4C064AED}.NoTDS|Any CPU.Build.0 = Release|Any CPU
		{B018C183-6976-4766-B2C0-0CBA4C064AED}.NoTDS|x64.ActiveCfg = Release|Any CPU
		{B018C183-6976-4766-B2C0-0CBA4C064AED}.NoTDS|x64.Build.0 = Release|Any CPU
		{B018C183-6976-4766-B2C0-0CBA4C064AED}.NoTDS|x86.ActiveCfg = Release|Any CPU
		{B018C183-6976-4766-B2C0-0CBA4C064AED}.Release|Any CPU.ActiveCfg = Release|Any CPU
		{B018C183-6976-4766-B2C0-0CBA4C064AED}.Release|Any CPU.Build.0 = Release|Any CPU
		{B018C183-6976-4766-B2C0-0CBA4C064AED}.Release|x64.ActiveCfg = Release|Any CPU
		{B018C183-6976-4766-B2C0-0CBA4C064AED}.Release|x64.Build.0 = Release|Any CPU
		{B018C183-6976-4766-B2C0-0CBA4C064AED}.Release|x86.ActiveCfg = Release|Any CPU
		{0D0B809C-03AB-4EE1-898F-CFE28CF5B245}.AutomatedDebug|Any CPU.ActiveCfg = Debug|Any CPU
		{0D0B809C-03AB-4EE1-898F-CFE28CF5B245}.AutomatedDebug|x64.ActiveCfg = Debug|Any CPU
		{0D0B809C-03AB-4EE1-898F-CFE28CF5B245}.AutomatedDebug|x86.ActiveCfg = Debug|Any CPU
		{0D0B809C-03AB-4EE1-898F-CFE28CF5B245}.Debug|Any CPU.ActiveCfg = Debug|Any CPU
		{0D0B809C-03AB-4EE1-898F-CFE28CF5B245}.Debug|Any CPU.Build.0 = Debug|Any CPU
		{0D0B809C-03AB-4EE1-898F-CFE28CF5B245}.Debug|x64.ActiveCfg = Debug|Any CPU
		{0D0B809C-03AB-4EE1-898F-CFE28CF5B245}.Debug|x64.Build.0 = Debug|Any CPU
		{0D0B809C-03AB-4EE1-898F-CFE28CF5B245}.Debug|x86.ActiveCfg = Debug|Any CPU
		{0D0B809C-03AB-4EE1-898F-CFE28CF5B245}.NoTDS|Any CPU.ActiveCfg = Release|Any CPU
		{0D0B809C-03AB-4EE1-898F-CFE28CF5B245}.NoTDS|Any CPU.Build.0 = Release|Any CPU
		{0D0B809C-03AB-4EE1-898F-CFE28CF5B245}.NoTDS|x64.ActiveCfg = Release|Any CPU
		{0D0B809C-03AB-4EE1-898F-CFE28CF5B245}.NoTDS|x64.Build.0 = Release|Any CPU
		{0D0B809C-03AB-4EE1-898F-CFE28CF5B245}.NoTDS|x86.ActiveCfg = Release|Any CPU
		{0D0B809C-03AB-4EE1-898F-CFE28CF5B245}.Release|Any CPU.ActiveCfg = Release|Any CPU
		{0D0B809C-03AB-4EE1-898F-CFE28CF5B245}.Release|Any CPU.Build.0 = Release|Any CPU
		{0D0B809C-03AB-4EE1-898F-CFE28CF5B245}.Release|x64.ActiveCfg = Release|Any CPU
		{0D0B809C-03AB-4EE1-898F-CFE28CF5B245}.Release|x64.Build.0 = Release|Any CPU
		{0D0B809C-03AB-4EE1-898F-CFE28CF5B245}.Release|x86.ActiveCfg = Release|Any CPU
		{55B9C026-E106-4185-8213-9CDD53B44E1B}.AutomatedDebug|Any CPU.ActiveCfg = Debug|Any CPU
		{55B9C026-E106-4185-8213-9CDD53B44E1B}.AutomatedDebug|x64.ActiveCfg = Debug|Any CPU
		{55B9C026-E106-4185-8213-9CDD53B44E1B}.AutomatedDebug|x86.ActiveCfg = Debug|Any CPU
		{55B9C026-E106-4185-8213-9CDD53B44E1B}.Debug|Any CPU.ActiveCfg = Debug|Any CPU
		{55B9C026-E106-4185-8213-9CDD53B44E1B}.Debug|Any CPU.Build.0 = Debug|Any CPU
		{55B9C026-E106-4185-8213-9CDD53B44E1B}.Debug|x64.ActiveCfg = Debug|Any CPU
		{55B9C026-E106-4185-8213-9CDD53B44E1B}.Debug|x86.ActiveCfg = Debug|Any CPU
		{55B9C026-E106-4185-8213-9CDD53B44E1B}.NoTDS|Any CPU.ActiveCfg = Release|Any CPU
		{55B9C026-E106-4185-8213-9CDD53B44E1B}.NoTDS|Any CPU.Build.0 = Release|Any CPU
		{55B9C026-E106-4185-8213-9CDD53B44E1B}.NoTDS|x64.ActiveCfg = Release|Any CPU
		{55B9C026-E106-4185-8213-9CDD53B44E1B}.NoTDS|x64.Build.0 = Release|Any CPU
		{55B9C026-E106-4185-8213-9CDD53B44E1B}.NoTDS|x86.ActiveCfg = Release|Any CPU
		{55B9C026-E106-4185-8213-9CDD53B44E1B}.Release|Any CPU.ActiveCfg = Release|Any CPU
		{55B9C026-E106-4185-8213-9CDD53B44E1B}.Release|Any CPU.Build.0 = Release|Any CPU
		{55B9C026-E106-4185-8213-9CDD53B44E1B}.Release|x64.ActiveCfg = Release|Any CPU
		{55B9C026-E106-4185-8213-9CDD53B44E1B}.Release|x86.ActiveCfg = Release|Any CPU
		{ACA65632-EE93-422B-B25E-8E31969694F5}.AutomatedDebug|Any CPU.ActiveCfg = Debug|Any CPU
		{ACA65632-EE93-422B-B25E-8E31969694F5}.AutomatedDebug|x64.ActiveCfg = Debug|Any CPU
		{ACA65632-EE93-422B-B25E-8E31969694F5}.AutomatedDebug|x86.ActiveCfg = Debug|Any CPU
		{ACA65632-EE93-422B-B25E-8E31969694F5}.Debug|Any CPU.ActiveCfg = Debug|Any CPU
		{ACA65632-EE93-422B-B25E-8E31969694F5}.Debug|Any CPU.Build.0 = Debug|Any CPU
		{ACA65632-EE93-422B-B25E-8E31969694F5}.Debug|x64.ActiveCfg = Debug|Any CPU
		{ACA65632-EE93-422B-B25E-8E31969694F5}.Debug|x64.Build.0 = Debug|Any CPU
		{ACA65632-EE93-422B-B25E-8E31969694F5}.Debug|x86.ActiveCfg = Debug|Any CPU
		{ACA65632-EE93-422B-B25E-8E31969694F5}.NoTDS|Any CPU.ActiveCfg = Release|Any CPU
		{ACA65632-EE93-422B-B25E-8E31969694F5}.NoTDS|Any CPU.Build.0 = Release|Any CPU
		{ACA65632-EE93-422B-B25E-8E31969694F5}.NoTDS|x64.ActiveCfg = Release|Any CPU
		{ACA65632-EE93-422B-B25E-8E31969694F5}.NoTDS|x64.Build.0 = Release|Any CPU
		{ACA65632-EE93-422B-B25E-8E31969694F5}.NoTDS|x86.ActiveCfg = Release|Any CPU
		{ACA65632-EE93-422B-B25E-8E31969694F5}.Release|Any CPU.ActiveCfg = Release|Any CPU
		{ACA65632-EE93-422B-B25E-8E31969694F5}.Release|Any CPU.Build.0 = Release|Any CPU
		{ACA65632-EE93-422B-B25E-8E31969694F5}.Release|x64.ActiveCfg = Release|Any CPU
		{ACA65632-EE93-422B-B25E-8E31969694F5}.Release|x64.Build.0 = Release|Any CPU
		{ACA65632-EE93-422B-B25E-8E31969694F5}.Release|x86.ActiveCfg = Release|Any CPU
		{1417B162-F987-4CBD-8642-CA4C4119E705}.AutomatedDebug|Any CPU.ActiveCfg = Debug|Any CPU
		{1417B162-F987-4CBD-8642-CA4C4119E705}.AutomatedDebug|x64.ActiveCfg = Debug|Any CPU
		{1417B162-F987-4CBD-8642-CA4C4119E705}.AutomatedDebug|x86.ActiveCfg = Debug|Any CPU
		{1417B162-F987-4CBD-8642-CA4C4119E705}.Debug|Any CPU.ActiveCfg = Debug|Any CPU
		{1417B162-F987-4CBD-8642-CA4C4119E705}.Debug|Any CPU.Build.0 = Debug|Any CPU
		{1417B162-F987-4CBD-8642-CA4C4119E705}.Debug|x64.ActiveCfg = Debug|Any CPU
		{1417B162-F987-4CBD-8642-CA4C4119E705}.Debug|x64.Build.0 = Debug|Any CPU
		{1417B162-F987-4CBD-8642-CA4C4119E705}.Debug|x86.ActiveCfg = Debug|Any CPU
		{1417B162-F987-4CBD-8642-CA4C4119E705}.NoTDS|Any CPU.ActiveCfg = Release|Any CPU
		{1417B162-F987-4CBD-8642-CA4C4119E705}.NoTDS|Any CPU.Build.0 = Release|Any CPU
		{1417B162-F987-4CBD-8642-CA4C4119E705}.NoTDS|x64.ActiveCfg = Release|Any CPU
		{1417B162-F987-4CBD-8642-CA4C4119E705}.NoTDS|x64.Build.0 = Release|Any CPU
		{1417B162-F987-4CBD-8642-CA4C4119E705}.NoTDS|x86.ActiveCfg = Release|Any CPU
		{1417B162-F987-4CBD-8642-CA4C4119E705}.Release|Any CPU.ActiveCfg = Release|Any CPU
		{1417B162-F987-4CBD-8642-CA4C4119E705}.Release|Any CPU.Build.0 = Release|Any CPU
		{1417B162-F987-4CBD-8642-CA4C4119E705}.Release|x64.ActiveCfg = Release|Any CPU
		{1417B162-F987-4CBD-8642-CA4C4119E705}.Release|x64.Build.0 = Release|Any CPU
		{1417B162-F987-4CBD-8642-CA4C4119E705}.Release|x86.ActiveCfg = Release|Any CPU
		{86CADB26-5817-46B6-88C7-76D5753722C3}.AutomatedDebug|Any CPU.ActiveCfg = Debug|Any CPU
		{86CADB26-5817-46B6-88C7-76D5753722C3}.AutomatedDebug|x64.ActiveCfg = Debug|Any CPU
		{86CADB26-5817-46B6-88C7-76D5753722C3}.AutomatedDebug|x86.ActiveCfg = Debug|Any CPU
		{86CADB26-5817-46B6-88C7-76D5753722C3}.Debug|Any CPU.ActiveCfg = Debug|Any CPU
		{86CADB26-5817-46B6-88C7-76D5753722C3}.Debug|Any CPU.Build.0 = Debug|Any CPU
		{86CADB26-5817-46B6-88C7-76D5753722C3}.Debug|x64.ActiveCfg = Debug|Any CPU
		{86CADB26-5817-46B6-88C7-76D5753722C3}.Debug|x64.Build.0 = Debug|Any CPU
		{86CADB26-5817-46B6-88C7-76D5753722C3}.Debug|x86.ActiveCfg = Debug|Any CPU
		{86CADB26-5817-46B6-88C7-76D5753722C3}.NoTDS|Any CPU.ActiveCfg = Release|Any CPU
		{86CADB26-5817-46B6-88C7-76D5753722C3}.NoTDS|Any CPU.Build.0 = Release|Any CPU
		{86CADB26-5817-46B6-88C7-76D5753722C3}.NoTDS|x64.ActiveCfg = Release|Any CPU
		{86CADB26-5817-46B6-88C7-76D5753722C3}.NoTDS|x64.Build.0 = Release|Any CPU
		{86CADB26-5817-46B6-88C7-76D5753722C3}.NoTDS|x86.ActiveCfg = Release|Any CPU
		{86CADB26-5817-46B6-88C7-76D5753722C3}.Release|Any CPU.ActiveCfg = Release|Any CPU
		{86CADB26-5817-46B6-88C7-76D5753722C3}.Release|Any CPU.Build.0 = Release|Any CPU
		{86CADB26-5817-46B6-88C7-76D5753722C3}.Release|x64.ActiveCfg = Release|Any CPU
		{86CADB26-5817-46B6-88C7-76D5753722C3}.Release|x64.Build.0 = Release|Any CPU
		{86CADB26-5817-46B6-88C7-76D5753722C3}.Release|x86.ActiveCfg = Release|Any CPU
		{007CD5DC-0030-460D-91A3-3DDEA9AB472F}.AutomatedDebug|Any CPU.ActiveCfg = Debug|Any CPU
		{007CD5DC-0030-460D-91A3-3DDEA9AB472F}.AutomatedDebug|x64.ActiveCfg = Debug|Any CPU
		{007CD5DC-0030-460D-91A3-3DDEA9AB472F}.AutomatedDebug|x86.ActiveCfg = Debug|Any CPU
		{007CD5DC-0030-460D-91A3-3DDEA9AB472F}.Debug|Any CPU.ActiveCfg = Debug|Any CPU
		{007CD5DC-0030-460D-91A3-3DDEA9AB472F}.Debug|Any CPU.Build.0 = Debug|Any CPU
		{007CD5DC-0030-460D-91A3-3DDEA9AB472F}.Debug|x64.ActiveCfg = Debug|Any CPU
		{007CD5DC-0030-460D-91A3-3DDEA9AB472F}.Debug|x64.Build.0 = Debug|Any CPU
		{007CD5DC-0030-460D-91A3-3DDEA9AB472F}.Debug|x86.ActiveCfg = Debug|Any CPU
		{007CD5DC-0030-460D-91A3-3DDEA9AB472F}.NoTDS|Any CPU.ActiveCfg = Release|Any CPU
		{007CD5DC-0030-460D-91A3-3DDEA9AB472F}.NoTDS|Any CPU.Build.0 = Release|Any CPU
		{007CD5DC-0030-460D-91A3-3DDEA9AB472F}.NoTDS|x64.ActiveCfg = Release|Any CPU
		{007CD5DC-0030-460D-91A3-3DDEA9AB472F}.NoTDS|x64.Build.0 = Release|Any CPU
		{007CD5DC-0030-460D-91A3-3DDEA9AB472F}.NoTDS|x86.ActiveCfg = Release|Any CPU
		{007CD5DC-0030-460D-91A3-3DDEA9AB472F}.Release|Any CPU.ActiveCfg = Release|Any CPU
		{007CD5DC-0030-460D-91A3-3DDEA9AB472F}.Release|Any CPU.Build.0 = Release|Any CPU
		{007CD5DC-0030-460D-91A3-3DDEA9AB472F}.Release|x64.ActiveCfg = Release|Any CPU
		{007CD5DC-0030-460D-91A3-3DDEA9AB472F}.Release|x64.Build.0 = Release|Any CPU
		{007CD5DC-0030-460D-91A3-3DDEA9AB472F}.Release|x86.ActiveCfg = Release|Any CPU
		{3F61C57D-50D9-4194-8196-EF5F7AA4CCE5}.AutomatedDebug|Any CPU.ActiveCfg = Debug|Any CPU
		{3F61C57D-50D9-4194-8196-EF5F7AA4CCE5}.AutomatedDebug|x64.ActiveCfg = Debug|Any CPU
		{3F61C57D-50D9-4194-8196-EF5F7AA4CCE5}.AutomatedDebug|x86.ActiveCfg = Debug|Any CPU
		{3F61C57D-50D9-4194-8196-EF5F7AA4CCE5}.Debug|Any CPU.ActiveCfg = Debug|Any CPU
		{3F61C57D-50D9-4194-8196-EF5F7AA4CCE5}.Debug|Any CPU.Build.0 = Debug|Any CPU
		{3F61C57D-50D9-4194-8196-EF5F7AA4CCE5}.Debug|x64.ActiveCfg = Debug|Any CPU
		{3F61C57D-50D9-4194-8196-EF5F7AA4CCE5}.Debug|x64.Build.0 = Debug|Any CPU
		{3F61C57D-50D9-4194-8196-EF5F7AA4CCE5}.Debug|x86.ActiveCfg = Debug|Any CPU
		{3F61C57D-50D9-4194-8196-EF5F7AA4CCE5}.NoTDS|Any CPU.ActiveCfg = Release|Any CPU
		{3F61C57D-50D9-4194-8196-EF5F7AA4CCE5}.NoTDS|Any CPU.Build.0 = Release|Any CPU
		{3F61C57D-50D9-4194-8196-EF5F7AA4CCE5}.NoTDS|x64.ActiveCfg = Release|Any CPU
		{3F61C57D-50D9-4194-8196-EF5F7AA4CCE5}.NoTDS|x64.Build.0 = Release|Any CPU
		{3F61C57D-50D9-4194-8196-EF5F7AA4CCE5}.NoTDS|x86.ActiveCfg = Release|Any CPU
		{3F61C57D-50D9-4194-8196-EF5F7AA4CCE5}.Release|Any CPU.ActiveCfg = Release|Any CPU
		{3F61C57D-50D9-4194-8196-EF5F7AA4CCE5}.Release|Any CPU.Build.0 = Release|Any CPU
		{3F61C57D-50D9-4194-8196-EF5F7AA4CCE5}.Release|x64.ActiveCfg = Release|Any CPU
		{3F61C57D-50D9-4194-8196-EF5F7AA4CCE5}.Release|x64.Build.0 = Release|Any CPU
		{3F61C57D-50D9-4194-8196-EF5F7AA4CCE5}.Release|x86.ActiveCfg = Release|Any CPU
		{80213F24-577F-4F0B-A3B8-62485EA4D2F3}.AutomatedDebug|Any CPU.ActiveCfg = Debug|Any CPU
		{80213F24-577F-4F0B-A3B8-62485EA4D2F3}.AutomatedDebug|x64.ActiveCfg = Debug|Any CPU
		{80213F24-577F-4F0B-A3B8-62485EA4D2F3}.AutomatedDebug|x86.ActiveCfg = Debug|Any CPU
		{80213F24-577F-4F0B-A3B8-62485EA4D2F3}.Debug|Any CPU.ActiveCfg = Debug|Any CPU
		{80213F24-577F-4F0B-A3B8-62485EA4D2F3}.Debug|Any CPU.Build.0 = Debug|Any CPU
		{80213F24-577F-4F0B-A3B8-62485EA4D2F3}.Debug|x64.ActiveCfg = Debug|Any CPU
		{80213F24-577F-4F0B-A3B8-62485EA4D2F3}.Debug|x64.Build.0 = Debug|Any CPU
		{80213F24-577F-4F0B-A3B8-62485EA4D2F3}.Debug|x86.ActiveCfg = Debug|Any CPU
		{80213F24-577F-4F0B-A3B8-62485EA4D2F3}.NoTDS|Any CPU.ActiveCfg = Release|Any CPU
		{80213F24-577F-4F0B-A3B8-62485EA4D2F3}.NoTDS|Any CPU.Build.0 = Release|Any CPU
		{80213F24-577F-4F0B-A3B8-62485EA4D2F3}.NoTDS|x64.ActiveCfg = Release|Any CPU
		{80213F24-577F-4F0B-A3B8-62485EA4D2F3}.NoTDS|x64.Build.0 = Release|Any CPU
		{80213F24-577F-4F0B-A3B8-62485EA4D2F3}.NoTDS|x86.ActiveCfg = Release|Any CPU
		{80213F24-577F-4F0B-A3B8-62485EA4D2F3}.Release|Any CPU.ActiveCfg = Release|Any CPU
		{80213F24-577F-4F0B-A3B8-62485EA4D2F3}.Release|Any CPU.Build.0 = Release|Any CPU
		{80213F24-577F-4F0B-A3B8-62485EA4D2F3}.Release|x64.ActiveCfg = Release|Any CPU
		{80213F24-577F-4F0B-A3B8-62485EA4D2F3}.Release|x64.Build.0 = Release|Any CPU
		{80213F24-577F-4F0B-A3B8-62485EA4D2F3}.Release|x86.ActiveCfg = Release|Any CPU
		{64C1C1EF-71CB-47BD-92F9-4E50CE35BD9F}.AutomatedDebug|Any CPU.ActiveCfg = Debug|Any CPU
		{64C1C1EF-71CB-47BD-92F9-4E50CE35BD9F}.AutomatedDebug|x64.ActiveCfg = Debug|Any CPU
		{64C1C1EF-71CB-47BD-92F9-4E50CE35BD9F}.AutomatedDebug|x86.ActiveCfg = Debug|Any CPU
		{64C1C1EF-71CB-47BD-92F9-4E50CE35BD9F}.Debug|Any CPU.ActiveCfg = Debug|Any CPU
		{64C1C1EF-71CB-47BD-92F9-4E50CE35BD9F}.Debug|Any CPU.Build.0 = Debug|Any CPU
		{64C1C1EF-71CB-47BD-92F9-4E50CE35BD9F}.Debug|x64.ActiveCfg = Debug|Any CPU
		{64C1C1EF-71CB-47BD-92F9-4E50CE35BD9F}.Debug|x64.Build.0 = Debug|Any CPU
		{64C1C1EF-71CB-47BD-92F9-4E50CE35BD9F}.Debug|x86.ActiveCfg = Debug|Any CPU
		{64C1C1EF-71CB-47BD-92F9-4E50CE35BD9F}.NoTDS|Any CPU.ActiveCfg = Release|Any CPU
		{64C1C1EF-71CB-47BD-92F9-4E50CE35BD9F}.NoTDS|Any CPU.Build.0 = Release|Any CPU
		{64C1C1EF-71CB-47BD-92F9-4E50CE35BD9F}.NoTDS|x64.ActiveCfg = Release|Any CPU
		{64C1C1EF-71CB-47BD-92F9-4E50CE35BD9F}.NoTDS|x64.Build.0 = Release|Any CPU
		{64C1C1EF-71CB-47BD-92F9-4E50CE35BD9F}.NoTDS|x86.ActiveCfg = Release|Any CPU
		{64C1C1EF-71CB-47BD-92F9-4E50CE35BD9F}.Release|Any CPU.ActiveCfg = Release|Any CPU
		{64C1C1EF-71CB-47BD-92F9-4E50CE35BD9F}.Release|Any CPU.Build.0 = Release|Any CPU
		{64C1C1EF-71CB-47BD-92F9-4E50CE35BD9F}.Release|x64.ActiveCfg = Release|Any CPU
		{64C1C1EF-71CB-47BD-92F9-4E50CE35BD9F}.Release|x64.Build.0 = Release|Any CPU
		{64C1C1EF-71CB-47BD-92F9-4E50CE35BD9F}.Release|x86.ActiveCfg = Release|Any CPU
		{DA079E95-DB53-4A66-AB35-2DAB71D19276}.AutomatedDebug|Any CPU.ActiveCfg = Debug|Any CPU
		{DA079E95-DB53-4A66-AB35-2DAB71D19276}.AutomatedDebug|x64.ActiveCfg = Debug|Any CPU
		{DA079E95-DB53-4A66-AB35-2DAB71D19276}.AutomatedDebug|x86.ActiveCfg = Debug|Any CPU
		{DA079E95-DB53-4A66-AB35-2DAB71D19276}.Debug|Any CPU.ActiveCfg = Debug|Any CPU
		{DA079E95-DB53-4A66-AB35-2DAB71D19276}.Debug|Any CPU.Build.0 = Debug|Any CPU
		{DA079E95-DB53-4A66-AB35-2DAB71D19276}.Debug|x64.ActiveCfg = Debug|Any CPU
		{DA079E95-DB53-4A66-AB35-2DAB71D19276}.Debug|x64.Build.0 = Debug|Any CPU
		{DA079E95-DB53-4A66-AB35-2DAB71D19276}.Debug|x86.ActiveCfg = Debug|Any CPU
		{DA079E95-DB53-4A66-AB35-2DAB71D19276}.NoTDS|Any CPU.ActiveCfg = Release|Any CPU
		{DA079E95-DB53-4A66-AB35-2DAB71D19276}.NoTDS|Any CPU.Build.0 = Release|Any CPU
		{DA079E95-DB53-4A66-AB35-2DAB71D19276}.NoTDS|x64.ActiveCfg = Release|Any CPU
		{DA079E95-DB53-4A66-AB35-2DAB71D19276}.NoTDS|x64.Build.0 = Release|Any CPU
		{DA079E95-DB53-4A66-AB35-2DAB71D19276}.NoTDS|x86.ActiveCfg = Release|Any CPU
		{DA079E95-DB53-4A66-AB35-2DAB71D19276}.Release|Any CPU.ActiveCfg = Release|Any CPU
		{DA079E95-DB53-4A66-AB35-2DAB71D19276}.Release|Any CPU.Build.0 = Release|Any CPU
		{DA079E95-DB53-4A66-AB35-2DAB71D19276}.Release|x64.ActiveCfg = Release|Any CPU
		{DA079E95-DB53-4A66-AB35-2DAB71D19276}.Release|x64.Build.0 = Release|Any CPU
		{DA079E95-DB53-4A66-AB35-2DAB71D19276}.Release|x86.ActiveCfg = Release|Any CPU
		{4DD516F2-D9E5-4775-B840-E00A71DD7E87}.AutomatedDebug|Any CPU.ActiveCfg = Debug|Any CPU
		{4DD516F2-D9E5-4775-B840-E00A71DD7E87}.AutomatedDebug|x64.ActiveCfg = Debug|Any CPU
		{4DD516F2-D9E5-4775-B840-E00A71DD7E87}.AutomatedDebug|x86.ActiveCfg = Debug|Any CPU
		{4DD516F2-D9E5-4775-B840-E00A71DD7E87}.Debug|Any CPU.ActiveCfg = Debug|Any CPU
		{4DD516F2-D9E5-4775-B840-E00A71DD7E87}.Debug|Any CPU.Build.0 = Debug|Any CPU
		{4DD516F2-D9E5-4775-B840-E00A71DD7E87}.Debug|x64.ActiveCfg = Debug|Any CPU
		{4DD516F2-D9E5-4775-B840-E00A71DD7E87}.Debug|x64.Build.0 = Debug|Any CPU
		{4DD516F2-D9E5-4775-B840-E00A71DD7E87}.Debug|x86.ActiveCfg = Debug|Any CPU
		{4DD516F2-D9E5-4775-B840-E00A71DD7E87}.NoTDS|Any CPU.ActiveCfg = Release|Any CPU
		{4DD516F2-D9E5-4775-B840-E00A71DD7E87}.NoTDS|Any CPU.Build.0 = Release|Any CPU
		{4DD516F2-D9E5-4775-B840-E00A71DD7E87}.NoTDS|x64.ActiveCfg = Release|Any CPU
		{4DD516F2-D9E5-4775-B840-E00A71DD7E87}.NoTDS|x64.Build.0 = Release|Any CPU
		{4DD516F2-D9E5-4775-B840-E00A71DD7E87}.NoTDS|x86.ActiveCfg = Release|Any CPU
		{4DD516F2-D9E5-4775-B840-E00A71DD7E87}.Release|Any CPU.ActiveCfg = Release|Any CPU
		{4DD516F2-D9E5-4775-B840-E00A71DD7E87}.Release|Any CPU.Build.0 = Release|Any CPU
		{4DD516F2-D9E5-4775-B840-E00A71DD7E87}.Release|x64.ActiveCfg = Release|Any CPU
		{4DD516F2-D9E5-4775-B840-E00A71DD7E87}.Release|x64.Build.0 = Release|Any CPU
		{4DD516F2-D9E5-4775-B840-E00A71DD7E87}.Release|x86.ActiveCfg = Release|Any CPU
		{622EBD86-43A5-4857-965C-1724F714012A}.AutomatedDebug|Any CPU.ActiveCfg = Debug|Any CPU
		{622EBD86-43A5-4857-965C-1724F714012A}.AutomatedDebug|x64.ActiveCfg = Debug|Any CPU
		{622EBD86-43A5-4857-965C-1724F714012A}.AutomatedDebug|x86.ActiveCfg = Debug|Any CPU
		{622EBD86-43A5-4857-965C-1724F714012A}.Debug|Any CPU.ActiveCfg = Debug|Any CPU
		{622EBD86-43A5-4857-965C-1724F714012A}.Debug|Any CPU.Build.0 = Debug|Any CPU
		{622EBD86-43A5-4857-965C-1724F714012A}.Debug|x64.ActiveCfg = Debug|Any CPU
		{622EBD86-43A5-4857-965C-1724F714012A}.Debug|x64.Build.0 = Debug|Any CPU
		{622EBD86-43A5-4857-965C-1724F714012A}.Debug|x86.ActiveCfg = Debug|Any CPU
		{622EBD86-43A5-4857-965C-1724F714012A}.NoTDS|Any CPU.ActiveCfg = Release|Any CPU
		{622EBD86-43A5-4857-965C-1724F714012A}.NoTDS|Any CPU.Build.0 = Release|Any CPU
		{622EBD86-43A5-4857-965C-1724F714012A}.NoTDS|x64.ActiveCfg = Release|Any CPU
		{622EBD86-43A5-4857-965C-1724F714012A}.NoTDS|x64.Build.0 = Release|Any CPU
		{622EBD86-43A5-4857-965C-1724F714012A}.NoTDS|x86.ActiveCfg = Release|Any CPU
		{622EBD86-43A5-4857-965C-1724F714012A}.Release|Any CPU.ActiveCfg = Release|Any CPU
		{622EBD86-43A5-4857-965C-1724F714012A}.Release|Any CPU.Build.0 = Release|Any CPU
		{622EBD86-43A5-4857-965C-1724F714012A}.Release|x64.ActiveCfg = Release|Any CPU
		{622EBD86-43A5-4857-965C-1724F714012A}.Release|x64.Build.0 = Release|Any CPU
		{622EBD86-43A5-4857-965C-1724F714012A}.Release|x86.ActiveCfg = Release|Any CPU
		{452C63B5-6019-4EC2-9A9B-9B5DD3241485}.AutomatedDebug|Any CPU.ActiveCfg = Debug|Any CPU
		{452C63B5-6019-4EC2-9A9B-9B5DD3241485}.AutomatedDebug|x64.ActiveCfg = Debug|Any CPU
		{452C63B5-6019-4EC2-9A9B-9B5DD3241485}.AutomatedDebug|x86.ActiveCfg = Debug|Any CPU
		{452C63B5-6019-4EC2-9A9B-9B5DD3241485}.Debug|Any CPU.ActiveCfg = Debug|Any CPU
		{452C63B5-6019-4EC2-9A9B-9B5DD3241485}.Debug|Any CPU.Build.0 = Debug|Any CPU
		{452C63B5-6019-4EC2-9A9B-9B5DD3241485}.Debug|x64.ActiveCfg = Debug|Any CPU
		{452C63B5-6019-4EC2-9A9B-9B5DD3241485}.Debug|x64.Build.0 = Debug|Any CPU
		{452C63B5-6019-4EC2-9A9B-9B5DD3241485}.Debug|x86.ActiveCfg = Debug|Any CPU
		{452C63B5-6019-4EC2-9A9B-9B5DD3241485}.NoTDS|Any CPU.ActiveCfg = Release|Any CPU
		{452C63B5-6019-4EC2-9A9B-9B5DD3241485}.NoTDS|Any CPU.Build.0 = Release|Any CPU
		{452C63B5-6019-4EC2-9A9B-9B5DD3241485}.NoTDS|x64.ActiveCfg = Release|Any CPU
		{452C63B5-6019-4EC2-9A9B-9B5DD3241485}.NoTDS|x64.Build.0 = Release|Any CPU
		{452C63B5-6019-4EC2-9A9B-9B5DD3241485}.NoTDS|x86.ActiveCfg = Release|Any CPU
		{452C63B5-6019-4EC2-9A9B-9B5DD3241485}.Release|Any CPU.ActiveCfg = Release|Any CPU
		{452C63B5-6019-4EC2-9A9B-9B5DD3241485}.Release|Any CPU.Build.0 = Release|Any CPU
		{452C63B5-6019-4EC2-9A9B-9B5DD3241485}.Release|x64.ActiveCfg = Release|Any CPU
		{452C63B5-6019-4EC2-9A9B-9B5DD3241485}.Release|x64.Build.0 = Release|Any CPU
		{452C63B5-6019-4EC2-9A9B-9B5DD3241485}.Release|x86.ActiveCfg = Release|Any CPU
		{98DE0D1D-26F1-4CCA-847C-4E0FC2DBA5FC}.AutomatedDebug|Any CPU.ActiveCfg = Debug|Any CPU
		{98DE0D1D-26F1-4CCA-847C-4E0FC2DBA5FC}.AutomatedDebug|x64.ActiveCfg = Debug|Any CPU
		{98DE0D1D-26F1-4CCA-847C-4E0FC2DBA5FC}.AutomatedDebug|x86.ActiveCfg = Debug|Any CPU
		{98DE0D1D-26F1-4CCA-847C-4E0FC2DBA5FC}.Debug|Any CPU.ActiveCfg = Debug|Any CPU
		{98DE0D1D-26F1-4CCA-847C-4E0FC2DBA5FC}.Debug|Any CPU.Build.0 = Debug|Any CPU
		{98DE0D1D-26F1-4CCA-847C-4E0FC2DBA5FC}.Debug|x64.ActiveCfg = Debug|Any CPU
		{98DE0D1D-26F1-4CCA-847C-4E0FC2DBA5FC}.Debug|x64.Build.0 = Debug|Any CPU
		{98DE0D1D-26F1-4CCA-847C-4E0FC2DBA5FC}.Debug|x86.ActiveCfg = Debug|Any CPU
		{98DE0D1D-26F1-4CCA-847C-4E0FC2DBA5FC}.NoTDS|Any CPU.ActiveCfg = Release|Any CPU
		{98DE0D1D-26F1-4CCA-847C-4E0FC2DBA5FC}.NoTDS|Any CPU.Build.0 = Release|Any CPU
		{98DE0D1D-26F1-4CCA-847C-4E0FC2DBA5FC}.NoTDS|x64.ActiveCfg = Release|Any CPU
		{98DE0D1D-26F1-4CCA-847C-4E0FC2DBA5FC}.NoTDS|x64.Build.0 = Release|Any CPU
		{98DE0D1D-26F1-4CCA-847C-4E0FC2DBA5FC}.NoTDS|x86.ActiveCfg = Release|Any CPU
		{98DE0D1D-26F1-4CCA-847C-4E0FC2DBA5FC}.Release|Any CPU.ActiveCfg = Release|Any CPU
		{98DE0D1D-26F1-4CCA-847C-4E0FC2DBA5FC}.Release|Any CPU.Build.0 = Release|Any CPU
		{98DE0D1D-26F1-4CCA-847C-4E0FC2DBA5FC}.Release|x64.ActiveCfg = Release|Any CPU
		{98DE0D1D-26F1-4CCA-847C-4E0FC2DBA5FC}.Release|x64.Build.0 = Release|Any CPU
		{98DE0D1D-26F1-4CCA-847C-4E0FC2DBA5FC}.Release|x86.ActiveCfg = Release|Any CPU
		{C98EAD78-4D83-4789-A621-6011C3D7314D}.AutomatedDebug|Any CPU.ActiveCfg = Debug|Any CPU
		{C98EAD78-4D83-4789-A621-6011C3D7314D}.AutomatedDebug|x64.ActiveCfg = Debug|Any CPU
		{C98EAD78-4D83-4789-A621-6011C3D7314D}.AutomatedDebug|x86.ActiveCfg = Debug|Any CPU
		{C98EAD78-4D83-4789-A621-6011C3D7314D}.Debug|Any CPU.ActiveCfg = Debug|Any CPU
		{C98EAD78-4D83-4789-A621-6011C3D7314D}.Debug|Any CPU.Build.0 = Debug|Any CPU
		{C98EAD78-4D83-4789-A621-6011C3D7314D}.Debug|x64.ActiveCfg = Debug|Any CPU
		{C98EAD78-4D83-4789-A621-6011C3D7314D}.Debug|x64.Build.0 = Debug|Any CPU
		{C98EAD78-4D83-4789-A621-6011C3D7314D}.Debug|x86.ActiveCfg = Debug|Any CPU
		{C98EAD78-4D83-4789-A621-6011C3D7314D}.NoTDS|Any CPU.ActiveCfg = Release|Any CPU
		{C98EAD78-4D83-4789-A621-6011C3D7314D}.NoTDS|Any CPU.Build.0 = Release|Any CPU
		{C98EAD78-4D83-4789-A621-6011C3D7314D}.NoTDS|x64.ActiveCfg = Release|Any CPU
		{C98EAD78-4D83-4789-A621-6011C3D7314D}.NoTDS|x64.Build.0 = Release|Any CPU
		{C98EAD78-4D83-4789-A621-6011C3D7314D}.NoTDS|x86.ActiveCfg = Release|Any CPU
		{C98EAD78-4D83-4789-A621-6011C3D7314D}.Release|Any CPU.ActiveCfg = Release|Any CPU
		{C98EAD78-4D83-4789-A621-6011C3D7314D}.Release|Any CPU.Build.0 = Release|Any CPU
		{C98EAD78-4D83-4789-A621-6011C3D7314D}.Release|x64.ActiveCfg = Release|Any CPU
		{C98EAD78-4D83-4789-A621-6011C3D7314D}.Release|x64.Build.0 = Release|Any CPU
		{C98EAD78-4D83-4789-A621-6011C3D7314D}.Release|x86.ActiveCfg = Release|Any CPU
		{64CB17EE-49BF-44A6-98F0-4F72EE89073B}.AutomatedDebug|Any CPU.ActiveCfg = Debug|Any CPU
		{64CB17EE-49BF-44A6-98F0-4F72EE89073B}.AutomatedDebug|x64.ActiveCfg = Debug|Any CPU
		{64CB17EE-49BF-44A6-98F0-4F72EE89073B}.AutomatedDebug|x86.ActiveCfg = Debug|Any CPU
		{64CB17EE-49BF-44A6-98F0-4F72EE89073B}.Debug|Any CPU.ActiveCfg = Debug|Any CPU
		{64CB17EE-49BF-44A6-98F0-4F72EE89073B}.Debug|Any CPU.Build.0 = Debug|Any CPU
		{64CB17EE-49BF-44A6-98F0-4F72EE89073B}.Debug|x64.ActiveCfg = Debug|Any CPU
		{64CB17EE-49BF-44A6-98F0-4F72EE89073B}.Debug|x64.Build.0 = Debug|Any CPU
		{64CB17EE-49BF-44A6-98F0-4F72EE89073B}.Debug|x86.ActiveCfg = Debug|Any CPU
		{64CB17EE-49BF-44A6-98F0-4F72EE89073B}.NoTDS|Any CPU.ActiveCfg = Release|Any CPU
		{64CB17EE-49BF-44A6-98F0-4F72EE89073B}.NoTDS|Any CPU.Build.0 = Release|Any CPU
		{64CB17EE-49BF-44A6-98F0-4F72EE89073B}.NoTDS|x64.ActiveCfg = Release|Any CPU
		{64CB17EE-49BF-44A6-98F0-4F72EE89073B}.NoTDS|x64.Build.0 = Release|Any CPU
		{64CB17EE-49BF-44A6-98F0-4F72EE89073B}.NoTDS|x86.ActiveCfg = Release|Any CPU
		{64CB17EE-49BF-44A6-98F0-4F72EE89073B}.Release|Any CPU.ActiveCfg = Release|Any CPU
		{64CB17EE-49BF-44A6-98F0-4F72EE89073B}.Release|Any CPU.Build.0 = Release|Any CPU
		{64CB17EE-49BF-44A6-98F0-4F72EE89073B}.Release|x64.ActiveCfg = Release|Any CPU
		{64CB17EE-49BF-44A6-98F0-4F72EE89073B}.Release|x64.Build.0 = Release|Any CPU
		{64CB17EE-49BF-44A6-98F0-4F72EE89073B}.Release|x86.ActiveCfg = Release|Any CPU
		{CFA2AE87-7F8D-4CA6-BB72-B16380190DB7}.AutomatedDebug|Any CPU.ActiveCfg = Debug|Any CPU
		{CFA2AE87-7F8D-4CA6-BB72-B16380190DB7}.AutomatedDebug|x64.ActiveCfg = Debug|Any CPU
		{CFA2AE87-7F8D-4CA6-BB72-B16380190DB7}.AutomatedDebug|x86.ActiveCfg = Debug|Any CPU
		{CFA2AE87-7F8D-4CA6-BB72-B16380190DB7}.Debug|Any CPU.ActiveCfg = Debug|Any CPU
		{CFA2AE87-7F8D-4CA6-BB72-B16380190DB7}.Debug|Any CPU.Build.0 = Debug|Any CPU
		{CFA2AE87-7F8D-4CA6-BB72-B16380190DB7}.Debug|x64.ActiveCfg = Debug|Any CPU
		{CFA2AE87-7F8D-4CA6-BB72-B16380190DB7}.Debug|x64.Build.0 = Debug|Any CPU
		{CFA2AE87-7F8D-4CA6-BB72-B16380190DB7}.Debug|x86.ActiveCfg = Debug|Any CPU
		{CFA2AE87-7F8D-4CA6-BB72-B16380190DB7}.NoTDS|Any CPU.ActiveCfg = Release|Any CPU
		{CFA2AE87-7F8D-4CA6-BB72-B16380190DB7}.NoTDS|Any CPU.Build.0 = Release|Any CPU
		{CFA2AE87-7F8D-4CA6-BB72-B16380190DB7}.NoTDS|x64.ActiveCfg = Release|Any CPU
		{CFA2AE87-7F8D-4CA6-BB72-B16380190DB7}.NoTDS|x64.Build.0 = Release|Any CPU
		{CFA2AE87-7F8D-4CA6-BB72-B16380190DB7}.NoTDS|x86.ActiveCfg = Release|Any CPU
		{CFA2AE87-7F8D-4CA6-BB72-B16380190DB7}.Release|Any CPU.ActiveCfg = Release|Any CPU
		{CFA2AE87-7F8D-4CA6-BB72-B16380190DB7}.Release|Any CPU.Build.0 = Release|Any CPU
		{CFA2AE87-7F8D-4CA6-BB72-B16380190DB7}.Release|x64.ActiveCfg = Release|Any CPU
		{CFA2AE87-7F8D-4CA6-BB72-B16380190DB7}.Release|x64.Build.0 = Release|Any CPU
		{CFA2AE87-7F8D-4CA6-BB72-B16380190DB7}.Release|x86.ActiveCfg = Release|Any CPU
		{19CE4259-BD16-4239-AC7C-22220FB26575}.AutomatedDebug|Any CPU.ActiveCfg = Debug|Any CPU
		{19CE4259-BD16-4239-AC7C-22220FB26575}.AutomatedDebug|x64.ActiveCfg = Debug|Any CPU
		{19CE4259-BD16-4239-AC7C-22220FB26575}.AutomatedDebug|x86.ActiveCfg = Debug|Any CPU
		{19CE4259-BD16-4239-AC7C-22220FB26575}.Debug|Any CPU.ActiveCfg = Debug|Any CPU
		{19CE4259-BD16-4239-AC7C-22220FB26575}.Debug|Any CPU.Build.0 = Debug|Any CPU
		{19CE4259-BD16-4239-AC7C-22220FB26575}.Debug|x64.ActiveCfg = Debug|Any CPU
		{19CE4259-BD16-4239-AC7C-22220FB26575}.Debug|x64.Build.0 = Debug|Any CPU
		{19CE4259-BD16-4239-AC7C-22220FB26575}.Debug|x86.ActiveCfg = Debug|Any CPU
		{19CE4259-BD16-4239-AC7C-22220FB26575}.NoTDS|Any CPU.ActiveCfg = Release|Any CPU
		{19CE4259-BD16-4239-AC7C-22220FB26575}.NoTDS|Any CPU.Build.0 = Release|Any CPU
		{19CE4259-BD16-4239-AC7C-22220FB26575}.NoTDS|x64.ActiveCfg = Release|Any CPU
		{19CE4259-BD16-4239-AC7C-22220FB26575}.NoTDS|x64.Build.0 = Release|Any CPU
		{19CE4259-BD16-4239-AC7C-22220FB26575}.NoTDS|x86.ActiveCfg = Release|Any CPU
		{19CE4259-BD16-4239-AC7C-22220FB26575}.Release|Any CPU.ActiveCfg = Release|Any CPU
		{19CE4259-BD16-4239-AC7C-22220FB26575}.Release|Any CPU.Build.0 = Release|Any CPU
		{19CE4259-BD16-4239-AC7C-22220FB26575}.Release|x64.ActiveCfg = Release|Any CPU
		{19CE4259-BD16-4239-AC7C-22220FB26575}.Release|x64.Build.0 = Release|Any CPU
		{19CE4259-BD16-4239-AC7C-22220FB26575}.Release|x86.ActiveCfg = Release|Any CPU
		{C2E10220-2850-484F-8FCA-DCDD1C6E3B53}.AutomatedDebug|Any CPU.ActiveCfg = Debug|Any CPU
		{C2E10220-2850-484F-8FCA-DCDD1C6E3B53}.AutomatedDebug|x64.ActiveCfg = Debug|Any CPU
		{C2E10220-2850-484F-8FCA-DCDD1C6E3B53}.AutomatedDebug|x86.ActiveCfg = Debug|Any CPU
		{C2E10220-2850-484F-8FCA-DCDD1C6E3B53}.Debug|Any CPU.ActiveCfg = Debug|Any CPU
		{C2E10220-2850-484F-8FCA-DCDD1C6E3B53}.Debug|Any CPU.Build.0 = Debug|Any CPU
		{C2E10220-2850-484F-8FCA-DCDD1C6E3B53}.Debug|x64.ActiveCfg = Debug|Any CPU
		{C2E10220-2850-484F-8FCA-DCDD1C6E3B53}.Debug|x64.Build.0 = Debug|Any CPU
		{C2E10220-2850-484F-8FCA-DCDD1C6E3B53}.Debug|x86.ActiveCfg = Debug|Any CPU
		{C2E10220-2850-484F-8FCA-DCDD1C6E3B53}.NoTDS|Any CPU.ActiveCfg = Release|Any CPU
		{C2E10220-2850-484F-8FCA-DCDD1C6E3B53}.NoTDS|Any CPU.Build.0 = Release|Any CPU
		{C2E10220-2850-484F-8FCA-DCDD1C6E3B53}.NoTDS|x64.ActiveCfg = Release|Any CPU
		{C2E10220-2850-484F-8FCA-DCDD1C6E3B53}.NoTDS|x64.Build.0 = Release|Any CPU
		{C2E10220-2850-484F-8FCA-DCDD1C6E3B53}.NoTDS|x86.ActiveCfg = Release|Any CPU
		{C2E10220-2850-484F-8FCA-DCDD1C6E3B53}.Release|Any CPU.ActiveCfg = Release|Any CPU
		{C2E10220-2850-484F-8FCA-DCDD1C6E3B53}.Release|Any CPU.Build.0 = Release|Any CPU
		{C2E10220-2850-484F-8FCA-DCDD1C6E3B53}.Release|x64.ActiveCfg = Release|Any CPU
		{C2E10220-2850-484F-8FCA-DCDD1C6E3B53}.Release|x64.Build.0 = Release|Any CPU
		{C2E10220-2850-484F-8FCA-DCDD1C6E3B53}.Release|x86.ActiveCfg = Release|Any CPU
		{5CF5FA06-AB27-4DF5-A471-ED57EF3E4AE9}.AutomatedDebug|Any CPU.ActiveCfg = Debug|Any CPU
		{5CF5FA06-AB27-4DF5-A471-ED57EF3E4AE9}.AutomatedDebug|x64.ActiveCfg = Debug|Any CPU
		{5CF5FA06-AB27-4DF5-A471-ED57EF3E4AE9}.AutomatedDebug|x86.ActiveCfg = Debug|Any CPU
		{5CF5FA06-AB27-4DF5-A471-ED57EF3E4AE9}.Debug|Any CPU.ActiveCfg = Debug|Any CPU
		{5CF5FA06-AB27-4DF5-A471-ED57EF3E4AE9}.Debug|Any CPU.Build.0 = Debug|Any CPU
		{5CF5FA06-AB27-4DF5-A471-ED57EF3E4AE9}.Debug|x64.ActiveCfg = Debug|Any CPU
		{5CF5FA06-AB27-4DF5-A471-ED57EF3E4AE9}.Debug|x64.Build.0 = Debug|Any CPU
		{5CF5FA06-AB27-4DF5-A471-ED57EF3E4AE9}.Debug|x86.ActiveCfg = Debug|Any CPU
		{5CF5FA06-AB27-4DF5-A471-ED57EF3E4AE9}.NoTDS|Any CPU.ActiveCfg = Release|Any CPU
		{5CF5FA06-AB27-4DF5-A471-ED57EF3E4AE9}.NoTDS|Any CPU.Build.0 = Release|Any CPU
		{5CF5FA06-AB27-4DF5-A471-ED57EF3E4AE9}.NoTDS|x64.ActiveCfg = Release|Any CPU
		{5CF5FA06-AB27-4DF5-A471-ED57EF3E4AE9}.NoTDS|x64.Build.0 = Release|Any CPU
		{5CF5FA06-AB27-4DF5-A471-ED57EF3E4AE9}.NoTDS|x86.ActiveCfg = Release|Any CPU
		{5CF5FA06-AB27-4DF5-A471-ED57EF3E4AE9}.Release|Any CPU.ActiveCfg = Release|Any CPU
		{5CF5FA06-AB27-4DF5-A471-ED57EF3E4AE9}.Release|Any CPU.Build.0 = Release|Any CPU
		{5CF5FA06-AB27-4DF5-A471-ED57EF3E4AE9}.Release|x64.ActiveCfg = Release|Any CPU
		{5CF5FA06-AB27-4DF5-A471-ED57EF3E4AE9}.Release|x64.Build.0 = Release|Any CPU
		{5CF5FA06-AB27-4DF5-A471-ED57EF3E4AE9}.Release|x86.ActiveCfg = Release|Any CPU
		{323CA7A6-6ABB-4652-ABE2-75DAB139CBC0}.AutomatedDebug|Any CPU.ActiveCfg = Debug|Any CPU
		{323CA7A6-6ABB-4652-ABE2-75DAB139CBC0}.AutomatedDebug|x64.ActiveCfg = Debug|Any CPU
		{323CA7A6-6ABB-4652-ABE2-75DAB139CBC0}.AutomatedDebug|x86.ActiveCfg = Debug|Any CPU
		{323CA7A6-6ABB-4652-ABE2-75DAB139CBC0}.Debug|Any CPU.ActiveCfg = Debug|Any CPU
		{323CA7A6-6ABB-4652-ABE2-75DAB139CBC0}.Debug|Any CPU.Build.0 = Debug|Any CPU
		{323CA7A6-6ABB-4652-ABE2-75DAB139CBC0}.Debug|x64.ActiveCfg = Debug|Any CPU
		{323CA7A6-6ABB-4652-ABE2-75DAB139CBC0}.Debug|x64.Build.0 = Debug|Any CPU
		{323CA7A6-6ABB-4652-ABE2-75DAB139CBC0}.Debug|x86.ActiveCfg = Debug|Any CPU
		{323CA7A6-6ABB-4652-ABE2-75DAB139CBC0}.NoTDS|Any CPU.ActiveCfg = Release|Any CPU
		{323CA7A6-6ABB-4652-ABE2-75DAB139CBC0}.NoTDS|Any CPU.Build.0 = Release|Any CPU
		{323CA7A6-6ABB-4652-ABE2-75DAB139CBC0}.NoTDS|x64.ActiveCfg = Release|Any CPU
		{323CA7A6-6ABB-4652-ABE2-75DAB139CBC0}.NoTDS|x64.Build.0 = Release|Any CPU
		{323CA7A6-6ABB-4652-ABE2-75DAB139CBC0}.NoTDS|x86.ActiveCfg = Release|Any CPU
		{323CA7A6-6ABB-4652-ABE2-75DAB139CBC0}.Release|Any CPU.ActiveCfg = Release|Any CPU
		{323CA7A6-6ABB-4652-ABE2-75DAB139CBC0}.Release|Any CPU.Build.0 = Release|Any CPU
		{323CA7A6-6ABB-4652-ABE2-75DAB139CBC0}.Release|x64.ActiveCfg = Release|Any CPU
		{323CA7A6-6ABB-4652-ABE2-75DAB139CBC0}.Release|x64.Build.0 = Release|Any CPU
		{323CA7A6-6ABB-4652-ABE2-75DAB139CBC0}.Release|x86.ActiveCfg = Release|Any CPU
		{A7B7EC6A-5804-4352-9655-06EB07F033FA}.AutomatedDebug|Any CPU.ActiveCfg = Debug|Any CPU
		{A7B7EC6A-5804-4352-9655-06EB07F033FA}.AutomatedDebug|x64.ActiveCfg = Debug|Any CPU
		{A7B7EC6A-5804-4352-9655-06EB07F033FA}.AutomatedDebug|x86.ActiveCfg = Debug|Any CPU
		{A7B7EC6A-5804-4352-9655-06EB07F033FA}.Debug|Any CPU.ActiveCfg = Debug|Any CPU
		{A7B7EC6A-5804-4352-9655-06EB07F033FA}.Debug|Any CPU.Build.0 = Debug|Any CPU
		{A7B7EC6A-5804-4352-9655-06EB07F033FA}.Debug|x64.ActiveCfg = Debug|Any CPU
		{A7B7EC6A-5804-4352-9655-06EB07F033FA}.Debug|x64.Build.0 = Debug|Any CPU
		{A7B7EC6A-5804-4352-9655-06EB07F033FA}.Debug|x86.ActiveCfg = Debug|Any CPU
		{A7B7EC6A-5804-4352-9655-06EB07F033FA}.NoTDS|Any CPU.ActiveCfg = Release|Any CPU
		{A7B7EC6A-5804-4352-9655-06EB07F033FA}.NoTDS|Any CPU.Build.0 = Release|Any CPU
		{A7B7EC6A-5804-4352-9655-06EB07F033FA}.NoTDS|x64.ActiveCfg = Release|Any CPU
		{A7B7EC6A-5804-4352-9655-06EB07F033FA}.NoTDS|x64.Build.0 = Release|Any CPU
		{A7B7EC6A-5804-4352-9655-06EB07F033FA}.NoTDS|x86.ActiveCfg = Release|Any CPU
		{A7B7EC6A-5804-4352-9655-06EB07F033FA}.Release|Any CPU.ActiveCfg = Release|Any CPU
		{A7B7EC6A-5804-4352-9655-06EB07F033FA}.Release|Any CPU.Build.0 = Release|Any CPU
		{A7B7EC6A-5804-4352-9655-06EB07F033FA}.Release|x64.ActiveCfg = Release|Any CPU
		{A7B7EC6A-5804-4352-9655-06EB07F033FA}.Release|x64.Build.0 = Release|Any CPU
		{A7B7EC6A-5804-4352-9655-06EB07F033FA}.Release|x86.ActiveCfg = Release|Any CPU
		{3BCCBB9C-EEE6-4201-BEB5-AEB064713B6E}.AutomatedDebug|Any CPU.ActiveCfg = Debug|Any CPU
		{3BCCBB9C-EEE6-4201-BEB5-AEB064713B6E}.AutomatedDebug|x64.ActiveCfg = Debug|Any CPU
		{3BCCBB9C-EEE6-4201-BEB5-AEB064713B6E}.AutomatedDebug|x86.ActiveCfg = Debug|Any CPU
		{3BCCBB9C-EEE6-4201-BEB5-AEB064713B6E}.Debug|Any CPU.ActiveCfg = Debug|Any CPU
		{3BCCBB9C-EEE6-4201-BEB5-AEB064713B6E}.Debug|Any CPU.Build.0 = Debug|Any CPU
		{3BCCBB9C-EEE6-4201-BEB5-AEB064713B6E}.Debug|x64.ActiveCfg = Debug|Any CPU
		{3BCCBB9C-EEE6-4201-BEB5-AEB064713B6E}.Debug|x64.Build.0 = Debug|Any CPU
		{3BCCBB9C-EEE6-4201-BEB5-AEB064713B6E}.Debug|x86.ActiveCfg = Debug|Any CPU
		{3BCCBB9C-EEE6-4201-BEB5-AEB064713B6E}.NoTDS|Any CPU.ActiveCfg = Release|Any CPU
		{3BCCBB9C-EEE6-4201-BEB5-AEB064713B6E}.NoTDS|Any CPU.Build.0 = Release|Any CPU
		{3BCCBB9C-EEE6-4201-BEB5-AEB064713B6E}.NoTDS|x64.ActiveCfg = Release|Any CPU
		{3BCCBB9C-EEE6-4201-BEB5-AEB064713B6E}.NoTDS|x64.Build.0 = Release|Any CPU
		{3BCCBB9C-EEE6-4201-BEB5-AEB064713B6E}.NoTDS|x86.ActiveCfg = Release|Any CPU
		{3BCCBB9C-EEE6-4201-BEB5-AEB064713B6E}.Release|Any CPU.ActiveCfg = Release|Any CPU
		{3BCCBB9C-EEE6-4201-BEB5-AEB064713B6E}.Release|Any CPU.Build.0 = Release|Any CPU
		{3BCCBB9C-EEE6-4201-BEB5-AEB064713B6E}.Release|x64.ActiveCfg = Release|Any CPU
		{3BCCBB9C-EEE6-4201-BEB5-AEB064713B6E}.Release|x64.Build.0 = Release|Any CPU
		{3BCCBB9C-EEE6-4201-BEB5-AEB064713B6E}.Release|x86.ActiveCfg = Release|Any CPU
		{CE34A3B7-B91A-41BA-8B16-C1E131E1C621}.AutomatedDebug|Any CPU.ActiveCfg = Debug|Any CPU
		{CE34A3B7-B91A-41BA-8B16-C1E131E1C621}.AutomatedDebug|x64.ActiveCfg = Debug|Any CPU
		{CE34A3B7-B91A-41BA-8B16-C1E131E1C621}.AutomatedDebug|x86.ActiveCfg = Debug|Any CPU
		{CE34A3B7-B91A-41BA-8B16-C1E131E1C621}.Debug|Any CPU.ActiveCfg = Debug|Any CPU
		{CE34A3B7-B91A-41BA-8B16-C1E131E1C621}.Debug|Any CPU.Build.0 = Debug|Any CPU
		{CE34A3B7-B91A-41BA-8B16-C1E131E1C621}.Debug|x64.ActiveCfg = Debug|Any CPU
		{CE34A3B7-B91A-41BA-8B16-C1E131E1C621}.Debug|x64.Build.0 = Debug|Any CPU
		{CE34A3B7-B91A-41BA-8B16-C1E131E1C621}.Debug|x86.ActiveCfg = Debug|Any CPU
		{CE34A3B7-B91A-41BA-8B16-C1E131E1C621}.NoTDS|Any CPU.ActiveCfg = Release|Any CPU
		{CE34A3B7-B91A-41BA-8B16-C1E131E1C621}.NoTDS|Any CPU.Build.0 = Release|Any CPU
		{CE34A3B7-B91A-41BA-8B16-C1E131E1C621}.NoTDS|x64.ActiveCfg = Release|Any CPU
		{CE34A3B7-B91A-41BA-8B16-C1E131E1C621}.NoTDS|x64.Build.0 = Release|Any CPU
		{CE34A3B7-B91A-41BA-8B16-C1E131E1C621}.NoTDS|x86.ActiveCfg = Release|Any CPU
		{CE34A3B7-B91A-41BA-8B16-C1E131E1C621}.Release|Any CPU.ActiveCfg = Release|Any CPU
		{CE34A3B7-B91A-41BA-8B16-C1E131E1C621}.Release|Any CPU.Build.0 = Release|Any CPU
		{CE34A3B7-B91A-41BA-8B16-C1E131E1C621}.Release|x64.ActiveCfg = Release|Any CPU
		{CE34A3B7-B91A-41BA-8B16-C1E131E1C621}.Release|x64.Build.0 = Release|Any CPU
		{CE34A3B7-B91A-41BA-8B16-C1E131E1C621}.Release|x86.ActiveCfg = Release|Any CPU
		{0D6BA4D8-C469-4AE9-9EBB-93BDF7D7E78F}.AutomatedDebug|Any CPU.ActiveCfg = Debug|Any CPU
		{0D6BA4D8-C469-4AE9-9EBB-93BDF7D7E78F}.AutomatedDebug|x64.ActiveCfg = Debug|Any CPU
		{0D6BA4D8-C469-4AE9-9EBB-93BDF7D7E78F}.AutomatedDebug|x86.ActiveCfg = Debug|Any CPU
		{0D6BA4D8-C469-4AE9-9EBB-93BDF7D7E78F}.Debug|Any CPU.ActiveCfg = Debug|Any CPU
		{0D6BA4D8-C469-4AE9-9EBB-93BDF7D7E78F}.Debug|Any CPU.Build.0 = Debug|Any CPU
		{0D6BA4D8-C469-4AE9-9EBB-93BDF7D7E78F}.Debug|x64.ActiveCfg = Debug|Any CPU
		{0D6BA4D8-C469-4AE9-9EBB-93BDF7D7E78F}.Debug|x64.Build.0 = Debug|Any CPU
		{0D6BA4D8-C469-4AE9-9EBB-93BDF7D7E78F}.Debug|x86.ActiveCfg = Debug|Any CPU
		{0D6BA4D8-C469-4AE9-9EBB-93BDF7D7E78F}.NoTDS|Any CPU.ActiveCfg = Release|Any CPU
		{0D6BA4D8-C469-4AE9-9EBB-93BDF7D7E78F}.NoTDS|Any CPU.Build.0 = Release|Any CPU
		{0D6BA4D8-C469-4AE9-9EBB-93BDF7D7E78F}.NoTDS|x64.ActiveCfg = Release|Any CPU
		{0D6BA4D8-C469-4AE9-9EBB-93BDF7D7E78F}.NoTDS|x64.Build.0 = Release|Any CPU
		{0D6BA4D8-C469-4AE9-9EBB-93BDF7D7E78F}.NoTDS|x86.ActiveCfg = Release|Any CPU
		{0D6BA4D8-C469-4AE9-9EBB-93BDF7D7E78F}.Release|Any CPU.ActiveCfg = Release|Any CPU
		{0D6BA4D8-C469-4AE9-9EBB-93BDF7D7E78F}.Release|Any CPU.Build.0 = Release|Any CPU
		{0D6BA4D8-C469-4AE9-9EBB-93BDF7D7E78F}.Release|x64.ActiveCfg = Release|Any CPU
		{0D6BA4D8-C469-4AE9-9EBB-93BDF7D7E78F}.Release|x64.Build.0 = Release|Any CPU
		{0D6BA4D8-C469-4AE9-9EBB-93BDF7D7E78F}.Release|x86.ActiveCfg = Release|Any CPU
		{812C16C9-1E8A-42DC-A1C0-6896D570F63A}.AutomatedDebug|Any CPU.ActiveCfg = Debug|Any CPU
		{812C16C9-1E8A-42DC-A1C0-6896D570F63A}.AutomatedDebug|x64.ActiveCfg = Debug|Any CPU
		{812C16C9-1E8A-42DC-A1C0-6896D570F63A}.AutomatedDebug|x86.ActiveCfg = Debug|Any CPU
		{812C16C9-1E8A-42DC-A1C0-6896D570F63A}.Debug|Any CPU.ActiveCfg = Debug|Any CPU
		{812C16C9-1E8A-42DC-A1C0-6896D570F63A}.Debug|Any CPU.Build.0 = Debug|Any CPU
		{812C16C9-1E8A-42DC-A1C0-6896D570F63A}.Debug|x64.ActiveCfg = Debug|Any CPU
		{812C16C9-1E8A-42DC-A1C0-6896D570F63A}.Debug|x64.Build.0 = Debug|Any CPU
		{812C16C9-1E8A-42DC-A1C0-6896D570F63A}.Debug|x86.ActiveCfg = Debug|Any CPU
		{812C16C9-1E8A-42DC-A1C0-6896D570F63A}.NoTDS|Any CPU.ActiveCfg = Release|Any CPU
		{812C16C9-1E8A-42DC-A1C0-6896D570F63A}.NoTDS|Any CPU.Build.0 = Release|Any CPU
		{812C16C9-1E8A-42DC-A1C0-6896D570F63A}.NoTDS|x64.ActiveCfg = Release|Any CPU
		{812C16C9-1E8A-42DC-A1C0-6896D570F63A}.NoTDS|x64.Build.0 = Release|Any CPU
		{812C16C9-1E8A-42DC-A1C0-6896D570F63A}.NoTDS|x86.ActiveCfg = Release|Any CPU
		{812C16C9-1E8A-42DC-A1C0-6896D570F63A}.Release|Any CPU.ActiveCfg = Release|Any CPU
		{812C16C9-1E8A-42DC-A1C0-6896D570F63A}.Release|Any CPU.Build.0 = Release|Any CPU
		{812C16C9-1E8A-42DC-A1C0-6896D570F63A}.Release|x64.ActiveCfg = Release|Any CPU
		{812C16C9-1E8A-42DC-A1C0-6896D570F63A}.Release|x64.Build.0 = Release|Any CPU
		{812C16C9-1E8A-42DC-A1C0-6896D570F63A}.Release|x86.ActiveCfg = Release|Any CPU
		{4F03183D-F4C9-47AD-9E1A-11DFB4A41375}.AutomatedDebug|Any CPU.ActiveCfg = Debug|Any CPU
		{4F03183D-F4C9-47AD-9E1A-11DFB4A41375}.AutomatedDebug|x64.ActiveCfg = Debug|Any CPU
		{4F03183D-F4C9-47AD-9E1A-11DFB4A41375}.AutomatedDebug|x86.ActiveCfg = Debug|Any CPU
		{4F03183D-F4C9-47AD-9E1A-11DFB4A41375}.Debug|Any CPU.ActiveCfg = Debug|Any CPU
		{4F03183D-F4C9-47AD-9E1A-11DFB4A41375}.Debug|Any CPU.Build.0 = Debug|Any CPU
		{4F03183D-F4C9-47AD-9E1A-11DFB4A41375}.Debug|x64.ActiveCfg = Debug|Any CPU
		{4F03183D-F4C9-47AD-9E1A-11DFB4A41375}.Debug|x64.Build.0 = Debug|Any CPU
		{4F03183D-F4C9-47AD-9E1A-11DFB4A41375}.Debug|x86.ActiveCfg = Debug|Any CPU
		{4F03183D-F4C9-47AD-9E1A-11DFB4A41375}.NoTDS|Any CPU.ActiveCfg = Release|Any CPU
		{4F03183D-F4C9-47AD-9E1A-11DFB4A41375}.NoTDS|Any CPU.Build.0 = Release|Any CPU
		{4F03183D-F4C9-47AD-9E1A-11DFB4A41375}.NoTDS|x64.ActiveCfg = Release|Any CPU
		{4F03183D-F4C9-47AD-9E1A-11DFB4A41375}.NoTDS|x64.Build.0 = Release|Any CPU
		{4F03183D-F4C9-47AD-9E1A-11DFB4A41375}.NoTDS|x86.ActiveCfg = Release|Any CPU
		{4F03183D-F4C9-47AD-9E1A-11DFB4A41375}.Release|Any CPU.ActiveCfg = Release|Any CPU
		{4F03183D-F4C9-47AD-9E1A-11DFB4A41375}.Release|Any CPU.Build.0 = Release|Any CPU
		{4F03183D-F4C9-47AD-9E1A-11DFB4A41375}.Release|x64.ActiveCfg = Release|Any CPU
		{4F03183D-F4C9-47AD-9E1A-11DFB4A41375}.Release|x64.Build.0 = Release|Any CPU
		{4F03183D-F4C9-47AD-9E1A-11DFB4A41375}.Release|x86.ActiveCfg = Release|Any CPU
		{6BD2E8B6-312A-4CE0-A432-0EB89889AE9A}.AutomatedDebug|Any CPU.ActiveCfg = Debug|Any CPU
		{6BD2E8B6-312A-4CE0-A432-0EB89889AE9A}.AutomatedDebug|x64.ActiveCfg = Debug|Any CPU
		{6BD2E8B6-312A-4CE0-A432-0EB89889AE9A}.AutomatedDebug|x86.ActiveCfg = Debug|Any CPU
		{6BD2E8B6-312A-4CE0-A432-0EB89889AE9A}.Debug|Any CPU.ActiveCfg = Debug|Any CPU
		{6BD2E8B6-312A-4CE0-A432-0EB89889AE9A}.Debug|Any CPU.Build.0 = Debug|Any CPU
		{6BD2E8B6-312A-4CE0-A432-0EB89889AE9A}.Debug|x64.ActiveCfg = Debug|Any CPU
		{6BD2E8B6-312A-4CE0-A432-0EB89889AE9A}.Debug|x64.Build.0 = Debug|Any CPU
		{6BD2E8B6-312A-4CE0-A432-0EB89889AE9A}.Debug|x86.ActiveCfg = Debug|Any CPU
		{6BD2E8B6-312A-4CE0-A432-0EB89889AE9A}.NoTDS|Any CPU.ActiveCfg = Release|Any CPU
		{6BD2E8B6-312A-4CE0-A432-0EB89889AE9A}.NoTDS|Any CPU.Build.0 = Release|Any CPU
		{6BD2E8B6-312A-4CE0-A432-0EB89889AE9A}.NoTDS|x64.ActiveCfg = Release|Any CPU
		{6BD2E8B6-312A-4CE0-A432-0EB89889AE9A}.NoTDS|x64.Build.0 = Release|Any CPU
		{6BD2E8B6-312A-4CE0-A432-0EB89889AE9A}.NoTDS|x86.ActiveCfg = Release|Any CPU
		{6BD2E8B6-312A-4CE0-A432-0EB89889AE9A}.Release|Any CPU.ActiveCfg = Release|Any CPU
		{6BD2E8B6-312A-4CE0-A432-0EB89889AE9A}.Release|Any CPU.Build.0 = Release|Any CPU
		{6BD2E8B6-312A-4CE0-A432-0EB89889AE9A}.Release|x64.ActiveCfg = Release|Any CPU
		{6BD2E8B6-312A-4CE0-A432-0EB89889AE9A}.Release|x64.Build.0 = Release|Any CPU
		{6BD2E8B6-312A-4CE0-A432-0EB89889AE9A}.Release|x86.ActiveCfg = Release|Any CPU
		{722CD2D2-5218-417D-9F81-6055A17CC163}.AutomatedDebug|Any CPU.ActiveCfg = Debug|Any CPU
		{722CD2D2-5218-417D-9F81-6055A17CC163}.AutomatedDebug|x64.ActiveCfg = Debug|Any CPU
		{722CD2D2-5218-417D-9F81-6055A17CC163}.AutomatedDebug|x86.ActiveCfg = Debug|Any CPU
		{722CD2D2-5218-417D-9F81-6055A17CC163}.Debug|Any CPU.ActiveCfg = Debug|Any CPU
		{722CD2D2-5218-417D-9F81-6055A17CC163}.Debug|Any CPU.Build.0 = Debug|Any CPU
		{722CD2D2-5218-417D-9F81-6055A17CC163}.Debug|x64.ActiveCfg = Debug|Any CPU
		{722CD2D2-5218-417D-9F81-6055A17CC163}.Debug|x64.Build.0 = Debug|Any CPU
		{722CD2D2-5218-417D-9F81-6055A17CC163}.Debug|x86.ActiveCfg = Debug|Any CPU
		{722CD2D2-5218-417D-9F81-6055A17CC163}.NoTDS|Any CPU.ActiveCfg = Release|Any CPU
		{722CD2D2-5218-417D-9F81-6055A17CC163}.NoTDS|Any CPU.Build.0 = Release|Any CPU
		{722CD2D2-5218-417D-9F81-6055A17CC163}.NoTDS|x64.ActiveCfg = Release|Any CPU
		{722CD2D2-5218-417D-9F81-6055A17CC163}.NoTDS|x64.Build.0 = Release|Any CPU
		{722CD2D2-5218-417D-9F81-6055A17CC163}.NoTDS|x86.ActiveCfg = Release|Any CPU
		{722CD2D2-5218-417D-9F81-6055A17CC163}.Release|Any CPU.ActiveCfg = Release|Any CPU
		{722CD2D2-5218-417D-9F81-6055A17CC163}.Release|Any CPU.Build.0 = Release|Any CPU
		{722CD2D2-5218-417D-9F81-6055A17CC163}.Release|x64.ActiveCfg = Release|Any CPU
		{722CD2D2-5218-417D-9F81-6055A17CC163}.Release|x64.Build.0 = Release|Any CPU
		{722CD2D2-5218-417D-9F81-6055A17CC163}.Release|x86.ActiveCfg = Release|Any CPU
		{F3C7675F-846C-4C05-8720-594100B4B75E}.AutomatedDebug|Any CPU.ActiveCfg = Debug|Any CPU
		{F3C7675F-846C-4C05-8720-594100B4B75E}.AutomatedDebug|x64.ActiveCfg = Debug|Any CPU
		{F3C7675F-846C-4C05-8720-594100B4B75E}.AutomatedDebug|x86.ActiveCfg = Debug|Any CPU
		{F3C7675F-846C-4C05-8720-594100B4B75E}.Debug|Any CPU.ActiveCfg = Debug|Any CPU
		{F3C7675F-846C-4C05-8720-594100B4B75E}.Debug|Any CPU.Build.0 = Debug|Any CPU
		{F3C7675F-846C-4C05-8720-594100B4B75E}.Debug|x64.ActiveCfg = Debug|Any CPU
		{F3C7675F-846C-4C05-8720-594100B4B75E}.Debug|x64.Build.0 = Debug|Any CPU
		{F3C7675F-846C-4C05-8720-594100B4B75E}.Debug|x86.ActiveCfg = Debug|Any CPU
		{F3C7675F-846C-4C05-8720-594100B4B75E}.NoTDS|Any CPU.ActiveCfg = Release|Any CPU
		{F3C7675F-846C-4C05-8720-594100B4B75E}.NoTDS|Any CPU.Build.0 = Release|Any CPU
		{F3C7675F-846C-4C05-8720-594100B4B75E}.NoTDS|x64.ActiveCfg = Release|Any CPU
		{F3C7675F-846C-4C05-8720-594100B4B75E}.NoTDS|x64.Build.0 = Release|Any CPU
		{F3C7675F-846C-4C05-8720-594100B4B75E}.NoTDS|x86.ActiveCfg = Release|Any CPU
		{F3C7675F-846C-4C05-8720-594100B4B75E}.Release|Any CPU.ActiveCfg = Release|Any CPU
		{F3C7675F-846C-4C05-8720-594100B4B75E}.Release|Any CPU.Build.0 = Release|Any CPU
		{F3C7675F-846C-4C05-8720-594100B4B75E}.Release|x64.ActiveCfg = Release|Any CPU
		{F3C7675F-846C-4C05-8720-594100B4B75E}.Release|x64.Build.0 = Release|Any CPU
		{F3C7675F-846C-4C05-8720-594100B4B75E}.Release|x86.ActiveCfg = Release|Any CPU
		{317EA34A-9783-4240-81B1-BD0862E8A954}.AutomatedDebug|Any CPU.ActiveCfg = Debug|Any CPU
		{317EA34A-9783-4240-81B1-BD0862E8A954}.AutomatedDebug|x64.ActiveCfg = Debug|Any CPU
		{317EA34A-9783-4240-81B1-BD0862E8A954}.AutomatedDebug|x86.ActiveCfg = Debug|Any CPU
		{317EA34A-9783-4240-81B1-BD0862E8A954}.Debug|Any CPU.ActiveCfg = Debug|Any CPU
		{317EA34A-9783-4240-81B1-BD0862E8A954}.Debug|Any CPU.Build.0 = Debug|Any CPU
		{317EA34A-9783-4240-81B1-BD0862E8A954}.Debug|x64.ActiveCfg = Debug|Any CPU
		{317EA34A-9783-4240-81B1-BD0862E8A954}.Debug|x64.Build.0 = Debug|Any CPU
		{317EA34A-9783-4240-81B1-BD0862E8A954}.Debug|x86.ActiveCfg = Debug|Any CPU
		{317EA34A-9783-4240-81B1-BD0862E8A954}.NoTDS|Any CPU.ActiveCfg = Release|Any CPU
		{317EA34A-9783-4240-81B1-BD0862E8A954}.NoTDS|Any CPU.Build.0 = Release|Any CPU
		{317EA34A-9783-4240-81B1-BD0862E8A954}.NoTDS|x64.ActiveCfg = Release|Any CPU
		{317EA34A-9783-4240-81B1-BD0862E8A954}.NoTDS|x64.Build.0 = Release|Any CPU
		{317EA34A-9783-4240-81B1-BD0862E8A954}.NoTDS|x86.ActiveCfg = Release|Any CPU
		{317EA34A-9783-4240-81B1-BD0862E8A954}.Release|Any CPU.ActiveCfg = Release|Any CPU
		{317EA34A-9783-4240-81B1-BD0862E8A954}.Release|Any CPU.Build.0 = Release|Any CPU
		{317EA34A-9783-4240-81B1-BD0862E8A954}.Release|x64.ActiveCfg = Release|Any CPU
		{317EA34A-9783-4240-81B1-BD0862E8A954}.Release|x64.Build.0 = Release|Any CPU
		{317EA34A-9783-4240-81B1-BD0862E8A954}.Release|x86.ActiveCfg = Release|Any CPU
		{3F96AB23-C252-465B-83B7-DA1CAB3BC9E2}.AutomatedDebug|Any CPU.ActiveCfg = Debug|Any CPU
		{3F96AB23-C252-465B-83B7-DA1CAB3BC9E2}.AutomatedDebug|x64.ActiveCfg = Debug|Any CPU
		{3F96AB23-C252-465B-83B7-DA1CAB3BC9E2}.AutomatedDebug|x86.ActiveCfg = Debug|Any CPU
		{3F96AB23-C252-465B-83B7-DA1CAB3BC9E2}.Debug|Any CPU.ActiveCfg = Debug|Any CPU
		{3F96AB23-C252-465B-83B7-DA1CAB3BC9E2}.Debug|Any CPU.Build.0 = Debug|Any CPU
		{3F96AB23-C252-465B-83B7-DA1CAB3BC9E2}.Debug|x64.ActiveCfg = Debug|Any CPU
		{3F96AB23-C252-465B-83B7-DA1CAB3BC9E2}.Debug|x64.Build.0 = Debug|Any CPU
		{3F96AB23-C252-465B-83B7-DA1CAB3BC9E2}.Debug|x86.ActiveCfg = Debug|Any CPU
		{3F96AB23-C252-465B-83B7-DA1CAB3BC9E2}.NoTDS|Any CPU.ActiveCfg = NoTDS|Any CPU
		{3F96AB23-C252-465B-83B7-DA1CAB3BC9E2}.NoTDS|Any CPU.Build.0 = NoTDS|Any CPU
		{3F96AB23-C252-465B-83B7-DA1CAB3BC9E2}.NoTDS|x64.ActiveCfg = NoTDS|Any CPU
		{3F96AB23-C252-465B-83B7-DA1CAB3BC9E2}.NoTDS|x64.Build.0 = NoTDS|Any CPU
		{3F96AB23-C252-465B-83B7-DA1CAB3BC9E2}.NoTDS|x86.ActiveCfg = NoTDS|Any CPU
		{3F96AB23-C252-465B-83B7-DA1CAB3BC9E2}.Release|Any CPU.ActiveCfg = Release|Any CPU
		{3F96AB23-C252-465B-83B7-DA1CAB3BC9E2}.Release|Any CPU.Build.0 = Release|Any CPU
		{3F96AB23-C252-465B-83B7-DA1CAB3BC9E2}.Release|x64.ActiveCfg = Release|Any CPU
		{3F96AB23-C252-465B-83B7-DA1CAB3BC9E2}.Release|x64.Build.0 = Release|Any CPU
		{3F96AB23-C252-465B-83B7-DA1CAB3BC9E2}.Release|x86.ActiveCfg = Release|Any CPU
		{78EAD2B0-5469-403F-AD58-7C50EC151986}.AutomatedDebug|Any CPU.ActiveCfg = Debug|Any CPU
		{78EAD2B0-5469-403F-AD58-7C50EC151986}.AutomatedDebug|x64.ActiveCfg = Debug|Any CPU
		{78EAD2B0-5469-403F-AD58-7C50EC151986}.AutomatedDebug|x86.ActiveCfg = Debug|Any CPU
		{78EAD2B0-5469-403F-AD58-7C50EC151986}.Debug|Any CPU.ActiveCfg = Debug|Any CPU
		{78EAD2B0-5469-403F-AD58-7C50EC151986}.Debug|Any CPU.Build.0 = Debug|Any CPU
		{78EAD2B0-5469-403F-AD58-7C50EC151986}.Debug|x64.ActiveCfg = Debug|Any CPU
		{78EAD2B0-5469-403F-AD58-7C50EC151986}.Debug|x64.Build.0 = Debug|Any CPU
		{78EAD2B0-5469-403F-AD58-7C50EC151986}.Debug|x86.ActiveCfg = Debug|Any CPU
		{78EAD2B0-5469-403F-AD58-7C50EC151986}.NoTDS|Any CPU.ActiveCfg = Release|Any CPU
		{78EAD2B0-5469-403F-AD58-7C50EC151986}.NoTDS|Any CPU.Build.0 = Release|Any CPU
		{78EAD2B0-5469-403F-AD58-7C50EC151986}.NoTDS|x64.ActiveCfg = Release|Any CPU
		{78EAD2B0-5469-403F-AD58-7C50EC151986}.NoTDS|x64.Build.0 = Release|Any CPU
		{78EAD2B0-5469-403F-AD58-7C50EC151986}.NoTDS|x86.ActiveCfg = Release|Any CPU
		{78EAD2B0-5469-403F-AD58-7C50EC151986}.Release|Any CPU.ActiveCfg = Release|Any CPU
		{78EAD2B0-5469-403F-AD58-7C50EC151986}.Release|Any CPU.Build.0 = Release|Any CPU
		{78EAD2B0-5469-403F-AD58-7C50EC151986}.Release|x64.ActiveCfg = Release|Any CPU
		{78EAD2B0-5469-403F-AD58-7C50EC151986}.Release|x64.Build.0 = Release|Any CPU
		{78EAD2B0-5469-403F-AD58-7C50EC151986}.Release|x86.ActiveCfg = Release|Any CPU
		{765FD5E8-FEFB-4AD1-B387-B96446A295E6}.AutomatedDebug|Any CPU.ActiveCfg = Debug|Any CPU
		{765FD5E8-FEFB-4AD1-B387-B96446A295E6}.AutomatedDebug|x64.ActiveCfg = Debug|Any CPU
		{765FD5E8-FEFB-4AD1-B387-B96446A295E6}.AutomatedDebug|x86.ActiveCfg = Debug|Any CPU
		{765FD5E8-FEFB-4AD1-B387-B96446A295E6}.Debug|Any CPU.ActiveCfg = Debug|Any CPU
		{765FD5E8-FEFB-4AD1-B387-B96446A295E6}.Debug|Any CPU.Build.0 = Debug|Any CPU
		{765FD5E8-FEFB-4AD1-B387-B96446A295E6}.Debug|x64.ActiveCfg = Debug|Any CPU
		{765FD5E8-FEFB-4AD1-B387-B96446A295E6}.Debug|x64.Build.0 = Debug|Any CPU
		{765FD5E8-FEFB-4AD1-B387-B96446A295E6}.Debug|x86.ActiveCfg = Debug|Any CPU
		{765FD5E8-FEFB-4AD1-B387-B96446A295E6}.NoTDS|Any CPU.ActiveCfg = Release|Any CPU
		{765FD5E8-FEFB-4AD1-B387-B96446A295E6}.NoTDS|Any CPU.Build.0 = Release|Any CPU
		{765FD5E8-FEFB-4AD1-B387-B96446A295E6}.NoTDS|x64.ActiveCfg = Release|Any CPU
		{765FD5E8-FEFB-4AD1-B387-B96446A295E6}.NoTDS|x64.Build.0 = Release|Any CPU
		{765FD5E8-FEFB-4AD1-B387-B96446A295E6}.NoTDS|x86.ActiveCfg = Release|Any CPU
		{765FD5E8-FEFB-4AD1-B387-B96446A295E6}.Release|Any CPU.ActiveCfg = Release|Any CPU
		{765FD5E8-FEFB-4AD1-B387-B96446A295E6}.Release|Any CPU.Build.0 = Release|Any CPU
		{765FD5E8-FEFB-4AD1-B387-B96446A295E6}.Release|x64.ActiveCfg = Release|Any CPU
		{765FD5E8-FEFB-4AD1-B387-B96446A295E6}.Release|x64.Build.0 = Release|Any CPU
		{765FD5E8-FEFB-4AD1-B387-B96446A295E6}.Release|x86.ActiveCfg = Release|Any CPU
		{4A8AC2A2-796D-4B3F-8762-27A659E83779}.AutomatedDebug|Any CPU.ActiveCfg = Debug|Any CPU
		{4A8AC2A2-796D-4B3F-8762-27A659E83779}.AutomatedDebug|x64.ActiveCfg = Debug|Any CPU
		{4A8AC2A2-796D-4B3F-8762-27A659E83779}.AutomatedDebug|x86.ActiveCfg = Debug|Any CPU
		{4A8AC2A2-796D-4B3F-8762-27A659E83779}.Debug|Any CPU.ActiveCfg = Debug|Any CPU
		{4A8AC2A2-796D-4B3F-8762-27A659E83779}.Debug|Any CPU.Build.0 = Debug|Any CPU
		{4A8AC2A2-796D-4B3F-8762-27A659E83779}.Debug|x64.ActiveCfg = Debug|Any CPU
		{4A8AC2A2-796D-4B3F-8762-27A659E83779}.Debug|x64.Build.0 = Debug|Any CPU
		{4A8AC2A2-796D-4B3F-8762-27A659E83779}.Debug|x86.ActiveCfg = Debug|Any CPU
		{4A8AC2A2-796D-4B3F-8762-27A659E83779}.NoTDS|Any CPU.ActiveCfg = Release|Any CPU
		{4A8AC2A2-796D-4B3F-8762-27A659E83779}.NoTDS|Any CPU.Build.0 = Release|Any CPU
		{4A8AC2A2-796D-4B3F-8762-27A659E83779}.NoTDS|x64.ActiveCfg = Release|Any CPU
		{4A8AC2A2-796D-4B3F-8762-27A659E83779}.NoTDS|x64.Build.0 = Release|Any CPU
		{4A8AC2A2-796D-4B3F-8762-27A659E83779}.NoTDS|x86.ActiveCfg = Release|Any CPU
		{4A8AC2A2-796D-4B3F-8762-27A659E83779}.Release|Any CPU.ActiveCfg = Release|Any CPU
		{4A8AC2A2-796D-4B3F-8762-27A659E83779}.Release|Any CPU.Build.0 = Release|Any CPU
		{4A8AC2A2-796D-4B3F-8762-27A659E83779}.Release|x64.ActiveCfg = Release|Any CPU
		{4A8AC2A2-796D-4B3F-8762-27A659E83779}.Release|x64.Build.0 = Release|Any CPU
		{4A8AC2A2-796D-4B3F-8762-27A659E83779}.Release|x86.ActiveCfg = Release|Any CPU
		{A1E53A8E-E801-44BE-BDA9-2511B3410899}.AutomatedDebug|Any CPU.ActiveCfg = Debug|Any CPU
		{A1E53A8E-E801-44BE-BDA9-2511B3410899}.AutomatedDebug|Any CPU.Build.0 = Debug|Any CPU
		{A1E53A8E-E801-44BE-BDA9-2511B3410899}.AutomatedDebug|x64.ActiveCfg = Debug|Any CPU
		{A1E53A8E-E801-44BE-BDA9-2511B3410899}.AutomatedDebug|x64.Build.0 = Debug|Any CPU
		{A1E53A8E-E801-44BE-BDA9-2511B3410899}.AutomatedDebug|x86.ActiveCfg = Debug|Any CPU
		{A1E53A8E-E801-44BE-BDA9-2511B3410899}.AutomatedDebug|x86.Build.0 = Debug|Any CPU
		{A1E53A8E-E801-44BE-BDA9-2511B3410899}.Debug|Any CPU.ActiveCfg = Debug|Any CPU
		{A1E53A8E-E801-44BE-BDA9-2511B3410899}.Debug|Any CPU.Build.0 = Debug|Any CPU
		{A1E53A8E-E801-44BE-BDA9-2511B3410899}.Debug|x64.ActiveCfg = Debug|Any CPU
		{A1E53A8E-E801-44BE-BDA9-2511B3410899}.Debug|x64.Build.0 = Debug|Any CPU
		{A1E53A8E-E801-44BE-BDA9-2511B3410899}.Debug|x86.ActiveCfg = Debug|Any CPU
		{A1E53A8E-E801-44BE-BDA9-2511B3410899}.Debug|x86.Build.0 = Debug|Any CPU
		{A1E53A8E-E801-44BE-BDA9-2511B3410899}.NoTDS|Any CPU.ActiveCfg = Release|Any CPU
		{A1E53A8E-E801-44BE-BDA9-2511B3410899}.NoTDS|Any CPU.Build.0 = Release|Any CPU
		{A1E53A8E-E801-44BE-BDA9-2511B3410899}.NoTDS|x64.ActiveCfg = Release|Any CPU
		{A1E53A8E-E801-44BE-BDA9-2511B3410899}.NoTDS|x64.Build.0 = Release|Any CPU
		{A1E53A8E-E801-44BE-BDA9-2511B3410899}.NoTDS|x86.ActiveCfg = Release|Any CPU
		{A1E53A8E-E801-44BE-BDA9-2511B3410899}.NoTDS|x86.Build.0 = Release|Any CPU
		{A1E53A8E-E801-44BE-BDA9-2511B3410899}.Release|Any CPU.ActiveCfg = Release|Any CPU
		{A1E53A8E-E801-44BE-BDA9-2511B3410899}.Release|Any CPU.Build.0 = Release|Any CPU
		{A1E53A8E-E801-44BE-BDA9-2511B3410899}.Release|x64.ActiveCfg = Release|Any CPU
		{A1E53A8E-E801-44BE-BDA9-2511B3410899}.Release|x64.Build.0 = Release|Any CPU
		{A1E53A8E-E801-44BE-BDA9-2511B3410899}.Release|x86.ActiveCfg = Release|Any CPU
		{A1E53A8E-E801-44BE-BDA9-2511B3410899}.Release|x86.Build.0 = Release|Any CPU
	EndGlobalSection
	GlobalSection(SolutionProperties) = preSolution
		HideSolutionNode = FALSE
	EndGlobalSection
	GlobalSection(NestedProjects) = preSolution
		{B535703F-8D07-4F23-A533-2974BB4CC7B1} = {BE813EFD-133F-4BDE-AD25-A67D16A218CA}
		{7E46FF93-EE05-412C-AC47-2A59A13DA73C} = {4CEA4907-CB04-49A7-869D-FE39C479DF58}
		{1AAD6F22-9B6D-4688-8EA5-1AE7044031F7} = {049C2109-CF4F-4DD1-977D-92150C924E71}
		{2BBD157C-AD28-4055-A208-48A2DA93BD04} = {21824E62-1354-4760-A77F-08E55B9818A3}
		{16003E7F-0FAF-4DEE-B13D-DD327E965A98} = {B9938A83-271F-4269-871B-A6DA15E476BD}
		{B018C183-6976-4766-B2C0-0CBA4C064AED} = {F5F33FD2-3808-4C5C-9FAA-F1B07E339B66}
		{0D0B809C-03AB-4EE1-898F-CFE28CF5B245} = {6F4B31B8-5677-448B-8A72-957E8AA47F52}
		{55B9C026-E106-4185-8213-9CDD53B44E1B} = {51628B90-7E96-4FAA-9556-D719548BE84D}
		{ACA65632-EE93-422B-B25E-8E31969694F5} = {3BB5C2EE-694B-49F4-989F-8484FD0A3F75}
		{1417B162-F987-4CBD-8642-CA4C4119E705} = {836F4115-EB6C-468A-AE65-6F123B0376E8}
		{86CADB26-5817-46B6-88C7-76D5753722C3} = {E5ADCE9F-29A4-42D7-A316-2A1AD6E23E3E}
		{007CD5DC-0030-460D-91A3-3DDEA9AB472F} = {BF8EAE6B-0DFD-45EC-A419-1EC760FE9E49}
		{3F61C57D-50D9-4194-8196-EF5F7AA4CCE5} = {C7886F90-3A67-4889-8ACC-F07D42CFDBF0}
		{80213F24-577F-4F0B-A3B8-62485EA4D2F3} = {641F22ED-9C6A-4ADA-A9E7-7CA6A67E39B1}
		{64C1C1EF-71CB-47BD-92F9-4E50CE35BD9F} = {8AE5D37C-D340-4D66-8BAE-48A7ED60BCE8}
		{DA079E95-DB53-4A66-AB35-2DAB71D19276} = {1EAC8CAC-9109-4A7A-9895-00248779A5D3}
		{C7886F90-3A67-4889-8ACC-F07D42CFDBF0} = {755F9E42-1707-4E1A-AE6D-3FD8A25118C0}
		{6F4B31B8-5677-448B-8A72-957E8AA47F52} = {755F9E42-1707-4E1A-AE6D-3FD8A25118C0}
		{3BB5C2EE-694B-49F4-989F-8484FD0A3F75} = {755F9E42-1707-4E1A-AE6D-3FD8A25118C0}
		{836F4115-EB6C-468A-AE65-6F123B0376E8} = {755F9E42-1707-4E1A-AE6D-3FD8A25118C0}
		{21824E62-1354-4760-A77F-08E55B9818A3} = {755F9E42-1707-4E1A-AE6D-3FD8A25118C0}
		{B9938A83-271F-4269-871B-A6DA15E476BD} = {755F9E42-1707-4E1A-AE6D-3FD8A25118C0}
		{049C2109-CF4F-4DD1-977D-92150C924E71} = {755F9E42-1707-4E1A-AE6D-3FD8A25118C0}
		{1EAC8CAC-9109-4A7A-9895-00248779A5D3} = {755F9E42-1707-4E1A-AE6D-3FD8A25118C0}
		{51628B90-7E96-4FAA-9556-D719548BE84D} = {755F9E42-1707-4E1A-AE6D-3FD8A25118C0}
		{F5F33FD2-3808-4C5C-9FAA-F1B07E339B66} = {755F9E42-1707-4E1A-AE6D-3FD8A25118C0}
		{8AE5D37C-D340-4D66-8BAE-48A7ED60BCE8} = {755F9E42-1707-4E1A-AE6D-3FD8A25118C0}
		{4CEA4907-CB04-49A7-869D-FE39C479DF58} = {D2CBE02E-6AA7-4343-9A01-891F971A17F5}
		{641F22ED-9C6A-4ADA-A9E7-7CA6A67E39B1} = {D2CBE02E-6AA7-4343-9A01-891F971A17F5}
		{BF8EAE6B-0DFD-45EC-A419-1EC760FE9E49} = {D2CBE02E-6AA7-4343-9A01-891F971A17F5}
		{BE813EFD-133F-4BDE-AD25-A67D16A218CA} = {D2CBE02E-6AA7-4343-9A01-891F971A17F5}
		{4DD516F2-D9E5-4775-B840-E00A71DD7E87} = {CA21CE04-607F-4AF6-8A70-3F1E82C42B11}
		{CA21CE04-607F-4AF6-8A70-3F1E82C42B11} = {755F9E42-1707-4E1A-AE6D-3FD8A25118C0}
		{E5ADCE9F-29A4-42D7-A316-2A1AD6E23E3E} = {9A8FD752-FF60-4789-8251-E1D8FF290F3F}
		{18A4B060-7586-4321-806B-0325FAA01373} = {755F9E42-1707-4E1A-AE6D-3FD8A25118C0}
		{F82B7F7C-BDA9-4204-97E1-456E406A251A} = {D2CBE02E-6AA7-4343-9A01-891F971A17F5}
		{622EBD86-43A5-4857-965C-1724F714012A} = {F82B7F7C-BDA9-4204-97E1-456E406A251A}
		{452C63B5-6019-4EC2-9A9B-9B5DD3241485} = {18A4B060-7586-4321-806B-0325FAA01373}
		{F7F6C8C8-67C9-40D9-946F-62630C39102A} = {D2CBE02E-6AA7-4343-9A01-891F971A17F5}
		{98DE0D1D-26F1-4CCA-847C-4E0FC2DBA5FC} = {F7F6C8C8-67C9-40D9-946F-62630C39102A}
		{5ABB37C0-E86D-4585-81D2-50A0E41ED859} = {9A8FD752-FF60-4789-8251-E1D8FF290F3F}
		{C98EAD78-4D83-4789-A621-6011C3D7314D} = {5ABB37C0-E86D-4585-81D2-50A0E41ED859}
		{AC21E230-C263-4FE0-8614-D6783D1FFC86} = {755F9E42-1707-4E1A-AE6D-3FD8A25118C0}
		{64CB17EE-49BF-44A6-98F0-4F72EE89073B} = {AC21E230-C263-4FE0-8614-D6783D1FFC86}
		{FE63FBCC-D03E-4439-A428-028A6FF8B15A} = {D2CBE02E-6AA7-4343-9A01-891F971A17F5}
		{CFA2AE87-7F8D-4CA6-BB72-B16380190DB7} = {FE63FBCC-D03E-4439-A428-028A6FF8B15A}
		{19CE4259-BD16-4239-AC7C-22220FB26575} = {96063E26-CEF1-4763-90EF-81271231DB9F}
		{96063E26-CEF1-4763-90EF-81271231DB9F} = {755F9E42-1707-4E1A-AE6D-3FD8A25118C0}
		{79E7F046-6A3D-4508-B7B5-02A864A49C23} = {755F9E42-1707-4E1A-AE6D-3FD8A25118C0}
		{C2E10220-2850-484F-8FCA-DCDD1C6E3B53} = {79E7F046-6A3D-4508-B7B5-02A864A49C23}
		{DF1E54EE-B5F2-4911-B239-9708BF21F271} = {D2CBE02E-6AA7-4343-9A01-891F971A17F5}
		{5CF5FA06-AB27-4DF5-A471-ED57EF3E4AE9} = {DF1E54EE-B5F2-4911-B239-9708BF21F271}
		{65673857-6BDF-408E-ACD8-417A0BCCAB7A} = {D2CBE02E-6AA7-4343-9A01-891F971A17F5}
		{323CA7A6-6ABB-4652-ABE2-75DAB139CBC0} = {65673857-6BDF-408E-ACD8-417A0BCCAB7A}
		{63F04251-177B-49CB-B1CF-206B56CCF889} = {D2CBE02E-6AA7-4343-9A01-891F971A17F5}
		{A7B7EC6A-5804-4352-9655-06EB07F033FA} = {63F04251-177B-49CB-B1CF-206B56CCF889}
		{3BCCBB9C-EEE6-4201-BEB5-AEB064713B6E} = {A6A07A5E-DCD8-4DA7-9ABD-5F2F766136DF}
		{E0B40F60-22F9-4BF1-9611-0FFAB7A0728F} = {D2CBE02E-6AA7-4343-9A01-891F971A17F5}
		{CE34A3B7-B91A-41BA-8B16-C1E131E1C621} = {E0B40F60-22F9-4BF1-9611-0FFAB7A0728F}
		{66E8BB68-FF26-4FEE-A336-3F8284F2F3E2} = {D2CBE02E-6AA7-4343-9A01-891F971A17F5}
		{0D6BA4D8-C469-4AE9-9EBB-93BDF7D7E78F} = {66E8BB68-FF26-4FEE-A336-3F8284F2F3E2}
		{6B260718-681F-41DB-AAFE-13BA15BB6711} = {D2CBE02E-6AA7-4343-9A01-891F971A17F5}
		{812C16C9-1E8A-42DC-A1C0-6896D570F63A} = {6B260718-681F-41DB-AAFE-13BA15BB6711}
		{FCB14A0E-66AD-4205-94D7-1C298C1D0FF5} = {D2CBE02E-6AA7-4343-9A01-891F971A17F5}
		{4F03183D-F4C9-47AD-9E1A-11DFB4A41375} = {FCB14A0E-66AD-4205-94D7-1C298C1D0FF5}
		{7D4A70CC-1E4D-4AF9-8B37-ADCAAA9B69C0} = {D2CBE02E-6AA7-4343-9A01-891F971A17F5}
		{6BD2E8B6-312A-4CE0-A432-0EB89889AE9A} = {7D4A70CC-1E4D-4AF9-8B37-ADCAAA9B69C0}
		{05DE7274-2461-4266-9A5A-02E57864F381} = {D2CBE02E-6AA7-4343-9A01-891F971A17F5}
		{722CD2D2-5218-417D-9F81-6055A17CC163} = {05DE7274-2461-4266-9A5A-02E57864F381}
		{C336CF3C-0062-4547-B908-3F526C4006EE} = {D2CBE02E-6AA7-4343-9A01-891F971A17F5}
		{F3C7675F-846C-4C05-8720-594100B4B75E} = {C336CF3C-0062-4547-B908-3F526C4006EE}
		{4AF32745-1A63-455B-96E0-6CDEEA204CD4} = {D2CBE02E-6AA7-4343-9A01-891F971A17F5}
		{317EA34A-9783-4240-81B1-BD0862E8A954} = {4AF32745-1A63-455B-96E0-6CDEEA204CD4}
		{A6A07A5E-DCD8-4DA7-9ABD-5F2F766136DF} = {D2CBE02E-6AA7-4343-9A01-891F971A17F5}
		{869F44FF-783C-4912-AB35-D6AB2735C734} = {755F9E42-1707-4E1A-AE6D-3FD8A25118C0}
		{3F96AB23-C252-465B-83B7-DA1CAB3BC9E2} = {869F44FF-783C-4912-AB35-D6AB2735C734}
		{278A5871-80B7-44E7-9E27-2CF5447A213C} = {D2CBE02E-6AA7-4343-9A01-891F971A17F5}
		{78EAD2B0-5469-403F-AD58-7C50EC151986} = {278A5871-80B7-44E7-9E27-2CF5447A213C}
		{EBD16C86-B5E8-4F51-A463-6F71BCD87077} = {D2CBE02E-6AA7-4343-9A01-891F971A17F5}
		{765FD5E8-FEFB-4AD1-B387-B96446A295E6} = {EBD16C86-B5E8-4F51-A463-6F71BCD87077}
		{A0B6B3A9-070F-45CA-BFCB-EA42D56189FF} = {D2CBE02E-6AA7-4343-9A01-891F971A17F5}
		{4A8AC2A2-796D-4B3F-8762-27A659E83779} = {A0B6B3A9-070F-45CA-BFCB-EA42D56189FF}
		{A1E53A8E-E801-44BE-BDA9-2511B3410899} = {8FD82E31-CCF0-4CCC-9F7F-39CD653B7360}
	EndGlobalSection
EndGlobal
